// !$*UTF8*$!
{
	archiveVersion = 1;
	classes = {
	};
	objectVersion = 52;
	objects = {

/* Begin PBXBuildFile section */
		6805B78524D3100A00169F3F /* IAPHelper.framework in Frameworks */ = {isa = PBXBuildFile; fileRef = 6805B77C24D3100900169F3F /* IAPHelper.framework */; };
		6805B78C24D3100A00169F3F /* IAPHelperTests.swift in Sources */ = {isa = PBXBuildFile; fileRef = 6805B78B24D3100A00169F3F /* IAPHelperTests.swift */; };
		6805B78E24D3100A00169F3F /* IAPHelper.h in Headers */ = {isa = PBXBuildFile; fileRef = 6805B77E24D3100900169F3F /* IAPHelper.h */; platformFilter = ios; settings = {ATTRIBUTES = (Public, ); }; };
		6805B79124D3100A00169F3F /* IAPHelper.framework in Frameworks */ = {isa = PBXBuildFile; fileRef = 6805B77C24D3100900169F3F /* IAPHelper.framework */; };
		6805B79224D3100A00169F3F /* IAPHelper.framework in Embed Frameworks */ = {isa = PBXBuildFile; fileRef = 6805B77C24D3100900169F3F /* IAPHelper.framework */; settings = {ATTRIBUTES = (CodeSignOnCopy, RemoveHeadersOnCopy, ); }; };
		6805B79A24D3115100169F3F /* IAPReceiptDelegate.swift in Sources */ = {isa = PBXBuildFile; fileRef = 68D5B24A24B2AF720092F570 /* IAPReceiptDelegate.swift */; };
		6805B79B24D3115100169F3F /* IAPOpenSSL.swift in Sources */ = {isa = PBXBuildFile; fileRef = 68A4653A24A42A7F002142D4 /* IAPOpenSSL.swift */; };
		6805B79C24D3115100169F3F /* IAPPersistenceProtocol.swift in Sources */ = {isa = PBXBuildFile; fileRef = 6845FC0124A4D1EE007FF7BA /* IAPPersistenceProtocol.swift */; };
		6805B79D24D3115100169F3F /* IAPHelper.swift in Sources */ = {isa = PBXBuildFile; fileRef = 68E05E4124A269CD00B6728D /* IAPHelper.swift */; };
		6805B79E24D3115100169F3F /* IAPPersistence.swift in Sources */ = {isa = PBXBuildFile; fileRef = 68A4653624A428FC002142D4 /* IAPPersistence.swift */; };
		6805B7A024D3115100169F3F /* IAPConfigurationModel.swift in Sources */ = {isa = PBXBuildFile; fileRef = 68A4653424A428A5002142D4 /* IAPConfigurationModel.swift */; };
		6805B7A124D3115100169F3F /* IAPHelper+AppStore.swift in Sources */ = {isa = PBXBuildFile; fileRef = 68D5B24624B2AE630092F570 /* IAPHelper+AppStore.swift */; };
		6805B7A224D3115100169F3F /* IAPReceipt+Validate.swift in Sources */ = {isa = PBXBuildFile; fileRef = 68D5B25224B2B0A40092F570 /* IAPReceipt+Validate.swift */; };
		6805B7A324D3115100169F3F /* IAPReceiptProductInfo.swift in Sources */ = {isa = PBXBuildFile; fileRef = 68AA839C24AA4165003A27AE /* IAPReceiptProductInfo.swift */; };
		6805B7A424D3115100169F3F /* IAPOpenSSLAttributeType.swift in Sources */ = {isa = PBXBuildFile; fileRef = 68572E5424AE9F6800965618 /* IAPOpenSSLAttributeType.swift */; };
		6805B7A524D3115100169F3F /* IAPConstants.swift in Sources */ = {isa = PBXBuildFile; fileRef = 688774ED24A3BC98006840A8 /* IAPConstants.swift */; };
		6805B7A624D3115100169F3F /* IAPConfiguration.swift in Sources */ = {isa = PBXBuildFile; fileRef = 688774EB24A3A2C3006840A8 /* IAPConfiguration.swift */; };
		6805B7A724D3115100169F3F /* IAPHelper+SKRequestDelegate.swift in Sources */ = {isa = PBXBuildFile; fileRef = 685E9F2824BCB218005A71F3 /* IAPHelper+SKRequestDelegate.swift */; };
		6805B7A824D3115100169F3F /* IAPLog.swift in Sources */ = {isa = PBXBuildFile; fileRef = 6845FC0324A4F379007FF7BA /* IAPLog.swift */; };
		6805B7A924D3115100169F3F /* IAPHelper+SKProductsRequestDelegate.swift in Sources */ = {isa = PBXBuildFile; fileRef = 68D5B24424B2AD5A0092F570 /* IAPHelper+SKProductsRequestDelegate.swift */; };
		6805B7AA24D3115100169F3F /* IAPHelper+SKPaymentTransactionObserver.swift in Sources */ = {isa = PBXBuildFile; fileRef = 68D5B24224B2ABB00092F570 /* IAPHelper+SKPaymentTransactionObserver.swift */; };
		6805B7AB24D3115100169F3F /* IAPReceipt.swift in Sources */ = {isa = PBXBuildFile; fileRef = 68A4653824A429DB002142D4 /* IAPReceipt.swift */; };
		6805B7AC24D3115100169F3F /* IAPReceipt+Load.swift in Sources */ = {isa = PBXBuildFile; fileRef = 68D5B24C24B2AFDA0092F570 /* IAPReceipt+Load.swift */; };
		6805B7AD24D3115100169F3F /* IAPReceipt+Read.swift in Sources */ = {isa = PBXBuildFile; fileRef = 68D5B25024B2B0630092F570 /* IAPReceipt+Read.swift */; };
		6805B7AE24D3115100169F3F /* IAPNotification.swift in Sources */ = {isa = PBXBuildFile; fileRef = 68E05E4224A269CD00B6728D /* IAPNotification.swift */; };
		6805B7AF24D3115100169F3F /* IAPReceipt+ValidateSigning.swift in Sources */ = {isa = PBXBuildFile; fileRef = 68D5B24E24B2B02E0092F570 /* IAPReceipt+ValidateSigning.swift */; };
		6805B7B024D3115100169F3F /* IAPHelper+IAPReceiptDelegate.swift in Sources */ = {isa = PBXBuildFile; fileRef = 685E9F2A24BCB265005A71F3 /* IAPHelper+IAPReceiptDelegate.swift */; };
		6805B7B124D3115100169F3F /* IAPReceiptError.swift in Sources */ = {isa = PBXBuildFile; fileRef = 68572E5224AE9EF200965618 /* IAPReceiptError.swift */; };
		681E897A24EFF19100B20871 /* iap3.jpg in Resources */ = {isa = PBXBuildFile; fileRef = 681E897924EFF19100B20871 /* iap3.jpg */; };
		6841302B2524E851008A6F25 /* iap9.jpg in Resources */ = {isa = PBXBuildFile; fileRef = 6841302A2524E851008A6F25 /* iap9.jpg */; };
		68427B9C253092B800A7C328 /* iap10.jpg in Resources */ = {isa = PBXBuildFile; fileRef = 68427B91253092B800A7C328 /* iap10.jpg */; };
		68427B9D253092B800A7C328 /* iap12.jpg in Resources */ = {isa = PBXBuildFile; fileRef = 68427B92253092B800A7C328 /* iap12.jpg */; };
		68427B9E253092B800A7C328 /* iap5.jpg in Resources */ = {isa = PBXBuildFile; fileRef = 68427B93253092B800A7C328 /* iap5.jpg */; };
		68427B9F253092B800A7C328 /* iap6.jpg in Resources */ = {isa = PBXBuildFile; fileRef = 68427B94253092B800A7C328 /* iap6.jpg */; };
		68427BA0253092B800A7C328 /* iap7.jpg in Resources */ = {isa = PBXBuildFile; fileRef = 68427B95253092B800A7C328 /* iap7.jpg */; };
		68427BA1253092B800A7C328 /* iap4.jpg in Resources */ = {isa = PBXBuildFile; fileRef = 68427B96253092B800A7C328 /* iap4.jpg */; };
		68427BA2253092B800A7C328 /* iap9.jpg in Resources */ = {isa = PBXBuildFile; fileRef = 68427B97253092B800A7C328 /* iap9.jpg */; };
		68427BA4253092B800A7C328 /* iap3.jpg in Resources */ = {isa = PBXBuildFile; fileRef = 68427B99253092B800A7C328 /* iap3.jpg */; };
		68427BA5253092B800A7C328 /* iap2.jpg in Resources */ = {isa = PBXBuildFile; fileRef = 68427B9A253092B800A7C328 /* iap2.jpg */; };
		68427BA6253092B800A7C328 /* iap11.jpg in Resources */ = {isa = PBXBuildFile; fileRef = 68427B9B253092B800A7C328 /* iap11.jpg */; };
		68427BB42530935B00A7C328 /* iap1.jpg in Resources */ = {isa = PBXBuildFile; fileRef = 68427BB32530935B00A7C328 /* iap1.jpg */; };
		68427BB82530936800A7C328 /* iap1.jpg in Resources */ = {isa = PBXBuildFile; fileRef = 68427BB72530936800A7C328 /* iap1.jpg */; };
		6865850E2524DEA7000684C0 /* iap5.jpg in Resources */ = {isa = PBXBuildFile; fileRef = 6865850A2524DEA7000684C0 /* iap5.jpg */; };
		6865850F2524DEA7000684C0 /* iap4.jpg in Resources */ = {isa = PBXBuildFile; fileRef = 6865850B2524DEA7000684C0 /* iap4.jpg */; };
		686585102524DEA7000684C0 /* iap7.jpg in Resources */ = {isa = PBXBuildFile; fileRef = 6865850C2524DEA7000684C0 /* iap7.jpg */; };
		686585112524DEA7000684C0 /* iap6.jpg in Resources */ = {isa = PBXBuildFile; fileRef = 6865850D2524DEA7000684C0 /* iap6.jpg */; };
		688774EA24A3A26D006840A8 /* Configuration.storekit in Resources */ = {isa = PBXBuildFile; fileRef = 68E05E3E24A263B100B6728D /* Configuration.storekit */; };
		688774F024A3BF36006840A8 /* ConfigurationRelease.storekit in Resources */ = {isa = PBXBuildFile; fileRef = 688774EF24A3BF36006840A8 /* ConfigurationRelease.storekit */; };
		688774F224A3C090006840A8 /* AppleIncRootCertificate.cer in Resources */ = {isa = PBXBuildFile; fileRef = 688774F124A3C080006840A8 /* AppleIncRootCertificate.cer */; };
		68942DC524ED83CA001DEE05 /* iap2.jpg in Resources */ = {isa = PBXBuildFile; fileRef = 68942DC424ED83CA001DEE05 /* iap2.jpg */; };
		689F742324B7403E0093F12C /* ProductCell.swift in Sources */ = {isa = PBXBuildFile; fileRef = 689F742224B7403E0093F12C /* ProductCell.swift */; };
		689F742524B7404B0093F12C /* RestoreCell.swift in Sources */ = {isa = PBXBuildFile; fileRef = 689F742424B7404B0093F12C /* RestoreCell.swift */; };
		689F742924B745D10093F12C /* IAPProductInfo.swift in Sources */ = {isa = PBXBuildFile; fileRef = 689F742824B745D10093F12C /* IAPProductInfo.swift */; };
		68A40E2B24E4030D001C8B72 /* StoreKit.framework in Frameworks */ = {isa = PBXBuildFile; fileRef = 68A40E2A24E4030D001C8B72 /* StoreKit.framework */; };
		68A8E996252F3E51001ED954 /* iap10.jpg in Resources */ = {isa = PBXBuildFile; fileRef = 68A8E995252F3E51001ED954 /* iap10.jpg */; };
		68A8E99A252F40AD001ED954 /* iap11.jpg in Resources */ = {isa = PBXBuildFile; fileRef = 68A8E999252F40AD001ED954 /* iap11.jpg */; };
		68A8E9C8252F7B34001ED954 /* iap12.jpg in Resources */ = {isa = PBXBuildFile; fileRef = 68A8E9C7252F7B34001ED954 /* iap12.jpg */; };
		68E05E0F24A262C200B6728D /* AppDelegate.swift in Sources */ = {isa = PBXBuildFile; fileRef = 68E05E0E24A262C200B6728D /* AppDelegate.swift */; };
		68E05E1124A262C200B6728D /* SceneDelegate.swift in Sources */ = {isa = PBXBuildFile; fileRef = 68E05E1024A262C200B6728D /* SceneDelegate.swift */; };
		68E05E1324A262C200B6728D /* ViewController.swift in Sources */ = {isa = PBXBuildFile; fileRef = 68E05E1224A262C200B6728D /* ViewController.swift */; };
		68E05E1824A262C300B6728D /* Assets.xcassets in Resources */ = {isa = PBXBuildFile; fileRef = 68E05E1724A262C300B6728D /* Assets.xcassets */; };
		68E05E1B24A262C300B6728D /* LaunchScreen.storyboard in Resources */ = {isa = PBXBuildFile; fileRef = 68E05E1924A262C300B6728D /* LaunchScreen.storyboard */; };
		68E05E4024A2681800B6728D /* StoreKitTestCertificate.cer in Resources */ = {isa = PBXBuildFile; fileRef = 68E05E3F24A2681800B6728D /* StoreKitTestCertificate.cer */; };
		68F6A95824D3304E00FC9637 /* libssl.a in Frameworks */ = {isa = PBXBuildFile; fileRef = 68F6A95624D3304D00FC9637 /* libssl.a */; platformFilter = ios; };
		68F6A95924D3304E00FC9637 /* libcrypto.a in Frameworks */ = {isa = PBXBuildFile; fileRef = 68F6A95724D3304E00FC9637 /* libcrypto.a */; platformFilter = ios; };
		68F6A9C624D3309200FC9637 /* idea.h in Headers */ = {isa = PBXBuildFile; fileRef = 68F6A95B24D3308800FC9637 /* idea.h */; platformFilter = ios; settings = {ATTRIBUTES = (Public, ); }; };
		68F6A9C724D3309200FC9637 /* md2.h in Headers */ = {isa = PBXBuildFile; fileRef = 68F6A95C24D3308800FC9637 /* md2.h */; platformFilter = ios; settings = {ATTRIBUTES = (Public, ); }; };
		68F6A9C824D3309200FC9637 /* objectserr.h in Headers */ = {isa = PBXBuildFile; fileRef = 68F6A95D24D3308800FC9637 /* objectserr.h */; platformFilter = ios; settings = {ATTRIBUTES = (Public, ); }; };
		68F6A9C924D3309200FC9637 /* kdferr.h in Headers */ = {isa = PBXBuildFile; fileRef = 68F6A95E24D3308800FC9637 /* kdferr.h */; platformFilter = ios; settings = {ATTRIBUTES = (Public, ); }; };
		68F6A9CA24D3309200FC9637 /* ebcdic.h in Headers */ = {isa = PBXBuildFile; fileRef = 68F6A95F24D3308800FC9637 /* ebcdic.h */; platformFilter = ios; settings = {ATTRIBUTES = (Public, ); }; };
		68F6A9CB24D3309200FC9637 /* tserr.h in Headers */ = {isa = PBXBuildFile; fileRef = 68F6A96024D3308800FC9637 /* tserr.h */; platformFilter = ios; settings = {ATTRIBUTES = (Public, ); }; };
		68F6A9CC24D3309200FC9637 /* ocsperr.h in Headers */ = {isa = PBXBuildFile; fileRef = 68F6A96124D3308800FC9637 /* ocsperr.h */; platformFilter = ios; settings = {ATTRIBUTES = (Public, ); }; };
		68F6A9CD24D3309200FC9637 /* ts.h in Headers */ = {isa = PBXBuildFile; fileRef = 68F6A96224D3308800FC9637 /* ts.h */; platformFilter = ios; settings = {ATTRIBUTES = (Public, ); }; };
		68F6A9CE24D3309200FC9637 /* modes.h in Headers */ = {isa = PBXBuildFile; fileRef = 68F6A96324D3308800FC9637 /* modes.h */; platformFilter = ios; settings = {ATTRIBUTES = (Public, ); }; };
		68F6A9CF24D3309200FC9637 /* pkcs12.h in Headers */ = {isa = PBXBuildFile; fileRef = 68F6A96424D3308800FC9637 /* pkcs12.h */; platformFilter = ios; settings = {ATTRIBUTES = (Public, ); }; };
		68F6A9D024D3309200FC9637 /* aes.h in Headers */ = {isa = PBXBuildFile; fileRef = 68F6A96524D3308800FC9637 /* aes.h */; platformFilter = ios; settings = {ATTRIBUTES = (Public, ); }; };
		68F6A9D124D3309200FC9637 /* mdc2.h in Headers */ = {isa = PBXBuildFile; fileRef = 68F6A96624D3308900FC9637 /* mdc2.h */; platformFilter = ios; settings = {ATTRIBUTES = (Public, ); }; };
		68F6A9D224D3309200FC9637 /* cast.h in Headers */ = {isa = PBXBuildFile; fileRef = 68F6A96724D3308900FC9637 /* cast.h */; platformFilter = ios; settings = {ATTRIBUTES = (Public, ); }; };
		68F6A9D324D3309200FC9637 /* bio.h in Headers */ = {isa = PBXBuildFile; fileRef = 68F6A96824D3308900FC9637 /* bio.h */; platformFilter = ios; settings = {ATTRIBUTES = (Public, ); }; };
		68F6A9D424D3309200FC9637 /* rc2.h in Headers */ = {isa = PBXBuildFile; fileRef = 68F6A96924D3308900FC9637 /* rc2.h */; platformFilter = ios; settings = {ATTRIBUTES = (Public, ); }; };
		68F6A9D524D3309200FC9637 /* conferr.h in Headers */ = {isa = PBXBuildFile; fileRef = 68F6A96A24D3308900FC9637 /* conferr.h */; platformFilter = ios; settings = {ATTRIBUTES = (Public, ); }; };
		68F6A9D624D3309200FC9637 /* opensslconf.h in Headers */ = {isa = PBXBuildFile; fileRef = 68F6A96B24D3308900FC9637 /* opensslconf.h */; platformFilter = ios; settings = {ATTRIBUTES = (Public, ); }; };
		68F6A9D724D3309200FC9637 /* opensslv.h in Headers */ = {isa = PBXBuildFile; fileRef = 68F6A96C24D3308900FC9637 /* opensslv.h */; platformFilter = ios; settings = {ATTRIBUTES = (Public, ); }; };
		68F6A9D824D3309200FC9637 /* ui.h in Headers */ = {isa = PBXBuildFile; fileRef = 68F6A96D24D3308900FC9637 /* ui.h */; platformFilter = ios; settings = {ATTRIBUTES = (Public, ); }; };
		68F6A9D924D3309200FC9637 /* sslerr.h in Headers */ = {isa = PBXBuildFile; fileRef = 68F6A96E24D3308900FC9637 /* sslerr.h */; platformFilter = ios; settings = {ATTRIBUTES = (Public, ); }; };
		68F6A9DA24D3309200FC9637 /* comp.h in Headers */ = {isa = PBXBuildFile; fileRef = 68F6A96F24D3308A00FC9637 /* comp.h */; platformFilter = ios; settings = {ATTRIBUTES = (Public, ); }; };
		68F6A9DB24D3309200FC9637 /* ssl2.h in Headers */ = {isa = PBXBuildFile; fileRef = 68F6A97024D3308A00FC9637 /* ssl2.h */; platformFilter = ios; settings = {ATTRIBUTES = (Public, ); }; };
		68F6A9DC24D3309200FC9637 /* symhacks.h in Headers */ = {isa = PBXBuildFile; fileRef = 68F6A97124D3308A00FC9637 /* symhacks.h */; platformFilter = ios; settings = {ATTRIBUTES = (Public, ); }; };
		68F6A9DD24D3309200FC9637 /* md4.h in Headers */ = {isa = PBXBuildFile; fileRef = 68F6A97224D3308A00FC9637 /* md4.h */; platformFilter = ios; settings = {ATTRIBUTES = (Public, ); }; };
		68F6A9DE24D3309200FC9637 /* tls1.h in Headers */ = {isa = PBXBuildFile; fileRef = 68F6A97324D3308A00FC9637 /* tls1.h */; platformFilter = ios; settings = {ATTRIBUTES = (Public, ); }; };
		68F6A9DF24D3309200FC9637 /* buffer.h in Headers */ = {isa = PBXBuildFile; fileRef = 68F6A97424D3308A00FC9637 /* buffer.h */; platformFilter = ios; settings = {ATTRIBUTES = (Public, ); }; };
		68F6A9E024D3309200FC9637 /* ssl.h in Headers */ = {isa = PBXBuildFile; fileRef = 68F6A97524D3308A00FC9637 /* ssl.h */; platformFilter = ios; settings = {ATTRIBUTES = (Public, ); }; };
		68F6A9E124D3309200FC9637 /* randerr.h in Headers */ = {isa = PBXBuildFile; fileRef = 68F6A97624D3308A00FC9637 /* randerr.h */; platformFilter = ios; settings = {ATTRIBUTES = (Public, ); }; };
		68F6A9E324D3309200FC9637 /* dherr.h in Headers */ = {isa = PBXBuildFile; fileRef = 68F6A97824D3308A00FC9637 /* dherr.h */; platformFilter = ios; settings = {ATTRIBUTES = (Public, ); }; };
		68F6A9E424D3309200FC9637 /* asn1_mac.h in Headers */ = {isa = PBXBuildFile; fileRef = 68F6A97924D3308B00FC9637 /* asn1_mac.h */; platformFilter = ios; settings = {ATTRIBUTES = (Public, ); }; };
		68F6A9E524D3309200FC9637 /* x509.h in Headers */ = {isa = PBXBuildFile; fileRef = 68F6A97A24D3308B00FC9637 /* x509.h */; platformFilter = ios; settings = {ATTRIBUTES = (Public, ); }; };
		68F6A9E624D3309200FC9637 /* asn1.h in Headers */ = {isa = PBXBuildFile; fileRef = 68F6A97B24D3308B00FC9637 /* asn1.h */; platformFilter = ios; settings = {ATTRIBUTES = (Public, ); }; };
		68F6A9E724D3309200FC9637 /* ossl_typ.h in Headers */ = {isa = PBXBuildFile; fileRef = 68F6A97C24D3308B00FC9637 /* ossl_typ.h */; platformFilter = ios; settings = {ATTRIBUTES = (Public, ); }; };
		68F6A9E824D3309200FC9637 /* hmac.h in Headers */ = {isa = PBXBuildFile; fileRef = 68F6A97D24D3308B00FC9637 /* hmac.h */; platformFilter = ios; settings = {ATTRIBUTES = (Public, ); }; };
		68F6A9E924D3309200FC9637 /* engineerr.h in Headers */ = {isa = PBXBuildFile; fileRef = 68F6A97E24D3308B00FC9637 /* engineerr.h */; platformFilter = ios; settings = {ATTRIBUTES = (Public, ); }; };
		68F6A9EA24D3309200FC9637 /* dh.h in Headers */ = {isa = PBXBuildFile; fileRef = 68F6A97F24D3308B00FC9637 /* dh.h */; platformFilter = ios; settings = {ATTRIBUTES = (Public, ); }; };
		68F6A9EB24D3309200FC9637 /* rc5.h in Headers */ = {isa = PBXBuildFile; fileRef = 68F6A98024D3308B00FC9637 /* rc5.h */; platformFilter = ios; settings = {ATTRIBUTES = (Public, ); }; };
		68F6A9EC24D3309200FC9637 /* dsaerr.h in Headers */ = {isa = PBXBuildFile; fileRef = 68F6A98124D3308B00FC9637 /* dsaerr.h */; platformFilter = ios; settings = {ATTRIBUTES = (Public, ); }; };
		68F6A9ED24D3309200FC9637 /* blowfish.h in Headers */ = {isa = PBXBuildFile; fileRef = 68F6A98224D3308B00FC9637 /* blowfish.h */; platformFilter = ios; settings = {ATTRIBUTES = (Public, ); }; };
		68F6A9EE24D3309200FC9637 /* bioerr.h in Headers */ = {isa = PBXBuildFile; fileRef = 68F6A98324D3308B00FC9637 /* bioerr.h */; platformFilter = ios; settings = {ATTRIBUTES = (Public, ); }; };
		68F6A9EF24D3309200FC9637 /* sha.h in Headers */ = {isa = PBXBuildFile; fileRef = 68F6A98424D3308C00FC9637 /* sha.h */; platformFilter = ios; settings = {ATTRIBUTES = (Public, ); }; };
		68F6A9F024D3309200FC9637 /* rand_drbg.h in Headers */ = {isa = PBXBuildFile; fileRef = 68F6A98524D3308C00FC9637 /* rand_drbg.h */; platformFilter = ios; settings = {ATTRIBUTES = (Public, ); }; };
		68F6A9F124D3309200FC9637 /* engine.h in Headers */ = {isa = PBXBuildFile; fileRef = 68F6A98624D3308C00FC9637 /* engine.h */; platformFilter = ios; settings = {ATTRIBUTES = (Public, ); }; };
		68F6A9F224D3309200FC9637 /* ripemd.h in Headers */ = {isa = PBXBuildFile; fileRef = 68F6A98724D3308C00FC9637 /* ripemd.h */; platformFilter = ios; settings = {ATTRIBUTES = (Public, ); }; };
		68F6A9F324D3309200FC9637 /* asyncerr.h in Headers */ = {isa = PBXBuildFile; fileRef = 68F6A98824D3308C00FC9637 /* asyncerr.h */; platformFilter = ios; settings = {ATTRIBUTES = (Public, ); }; };
		68F6A9F424D3309200FC9637 /* pkcs7.h in Headers */ = {isa = PBXBuildFile; fileRef = 68F6A98924D3308C00FC9637 /* pkcs7.h */; platformFilter = ios; settings = {ATTRIBUTES = (Public, ); }; };
		68F6A9F524D3309200FC9637 /* err.h in Headers */ = {isa = PBXBuildFile; fileRef = 68F6A98A24D3308C00FC9637 /* err.h */; platformFilter = ios; settings = {ATTRIBUTES = (Public, ); }; };
		68F6A9F624D3309200FC9637 /* ecdh.h in Headers */ = {isa = PBXBuildFile; fileRef = 68F6A98B24D3308C00FC9637 /* ecdh.h */; platformFilter = ios; settings = {ATTRIBUTES = (Public, ); }; };
		68F6A9F724D3309200FC9637 /* ecerr.h in Headers */ = {isa = PBXBuildFile; fileRef = 68F6A98C24D3308C00FC9637 /* ecerr.h */; platformFilter = ios; settings = {ATTRIBUTES = (Public, ); }; };
		68F6A9F824D3309200FC9637 /* stack.h in Headers */ = {isa = PBXBuildFile; fileRef = 68F6A98D24D3308C00FC9637 /* stack.h */; platformFilter = ios; settings = {ATTRIBUTES = (Public, ); }; };
		68F6A9F924D3309200FC9637 /* cterr.h in Headers */ = {isa = PBXBuildFile; fileRef = 68F6A98E24D3308C00FC9637 /* cterr.h */; platformFilter = ios; settings = {ATTRIBUTES = (Public, ); }; };
		68F6A9FA24D3309200FC9637 /* seed.h in Headers */ = {isa = PBXBuildFile; fileRef = 68F6A98F24D3308D00FC9637 /* seed.h */; platformFilter = ios; settings = {ATTRIBUTES = (Public, ); }; };
		68F6A9FB24D3309200FC9637 /* pkcs7err.h in Headers */ = {isa = PBXBuildFile; fileRef = 68F6A99024D3308D00FC9637 /* pkcs7err.h */; platformFilter = ios; settings = {ATTRIBUTES = (Public, ); }; };
		68F6A9FC24D3309200FC9637 /* txt_db.h in Headers */ = {isa = PBXBuildFile; fileRef = 68F6A99124D3308D00FC9637 /* txt_db.h */; platformFilter = ios; settings = {ATTRIBUTES = (Public, ); }; };
		68F6A9FD24D3309200FC9637 /* bnerr.h in Headers */ = {isa = PBXBuildFile; fileRef = 68F6A99224D3308D00FC9637 /* bnerr.h */; platformFilter = ios; settings = {ATTRIBUTES = (Public, ); }; };
		68F6A9FE24D3309200FC9637 /* rsa.h in Headers */ = {isa = PBXBuildFile; fileRef = 68F6A99324D3308D00FC9637 /* rsa.h */; platformFilter = ios; settings = {ATTRIBUTES = (Public, ); }; };
		68F6A9FF24D3309200FC9637 /* inttypes.h in Headers */ = {isa = PBXBuildFile; fileRef = 68F6A99424D3308D00FC9637 /* inttypes.h */; platformFilter = ios; settings = {ATTRIBUTES = (Public, ); }; };
		68F6AA0024D3309200FC9637 /* buffererr.h in Headers */ = {isa = PBXBuildFile; fileRef = 68F6A99524D3308D00FC9637 /* buffererr.h */; platformFilter = ios; settings = {ATTRIBUTES = (Public, ); }; };
		68F6AA0124D3309200FC9637 /* safestack.h in Headers */ = {isa = PBXBuildFile; fileRef = 68F6A99624D3308D00FC9637 /* safestack.h */; platformFilter = ios; settings = {ATTRIBUTES = (Public, ); }; };
		68F6AA0224D3309200FC9637 /* pem.h in Headers */ = {isa = PBXBuildFile; fileRef = 68F6A99724D3308D00FC9637 /* pem.h */; platformFilter = ios; settings = {ATTRIBUTES = (Public, ); }; };
		68F6AA0324D3309200FC9637 /* x509_vfy.h in Headers */ = {isa = PBXBuildFile; fileRef = 68F6A99824D3308D00FC9637 /* x509_vfy.h */; platformFilter = ios; settings = {ATTRIBUTES = (Public, ); }; };
		68F6AA0424D3309200FC9637 /* pemerr.h in Headers */ = {isa = PBXBuildFile; fileRef = 68F6A99924D3308D00FC9637 /* pemerr.h */; platformFilter = ios; settings = {ATTRIBUTES = (Public, ); }; };
		68F6AA0524D3309200FC9637 /* conf.h in Headers */ = {isa = PBXBuildFile; fileRef = 68F6A99A24D3308E00FC9637 /* conf.h */; platformFilter = ios; settings = {ATTRIBUTES = (Public, ); }; };
		68F6AA0624D3309200FC9637 /* ssl3.h in Headers */ = {isa = PBXBuildFile; fileRef = 68F6A99B24D3308E00FC9637 /* ssl3.h */; platformFilter = ios; settings = {ATTRIBUTES = (Public, ); }; };
		68F6AA0724D3309200FC9637 /* ct.h in Headers */ = {isa = PBXBuildFile; fileRef = 68F6A99C24D3308E00FC9637 /* ct.h */; platformFilter = ios; settings = {ATTRIBUTES = (Public, ); }; };
		68F6AA0824D3309200FC9637 /* x509err.h in Headers */ = {isa = PBXBuildFile; fileRef = 68F6A99D24D3308E00FC9637 /* x509err.h */; platformFilter = ios; settings = {ATTRIBUTES = (Public, ); }; };
		68F6AA0924D3309200FC9637 /* ocsp.h in Headers */ = {isa = PBXBuildFile; fileRef = 68F6A99E24D3308E00FC9637 /* ocsp.h */; platformFilter = ios; settings = {ATTRIBUTES = (Public, ); }; };
		68F6AA0A24D3309200FC9637 /* evp.h in Headers */ = {isa = PBXBuildFile; fileRef = 68F6A99F24D3308E00FC9637 /* evp.h */; platformFilter = ios; settings = {ATTRIBUTES = (Public, ); }; };
		68F6AA0B24D3309200FC9637 /* bn.h in Headers */ = {isa = PBXBuildFile; fileRef = 68F6A9A024D3308E00FC9637 /* bn.h */; platformFilter = ios; settings = {ATTRIBUTES = (Public, ); }; };
		68F6AA0C24D3309200FC9637 /* uierr.h in Headers */ = {isa = PBXBuildFile; fileRef = 68F6A9A124D3308E00FC9637 /* uierr.h */; platformFilter = ios; settings = {ATTRIBUTES = (Public, ); }; };
		68F6AA0D24D3309300FC9637 /* rc4.h in Headers */ = {isa = PBXBuildFile; fileRef = 68F6A9A224D3308E00FC9637 /* rc4.h */; platformFilter = ios; settings = {ATTRIBUTES = (Public, ); }; };
		68F6AA0E24D3309300FC9637 /* des.h in Headers */ = {isa = PBXBuildFile; fileRef = 68F6A9A324D3308E00FC9637 /* des.h */; platformFilter = ios; settings = {ATTRIBUTES = (Public, ); }; };
		68F6AA0F24D3309300FC9637 /* asn1t.h in Headers */ = {isa = PBXBuildFile; fileRef = 68F6A9A424D3308E00FC9637 /* asn1t.h */; platformFilter = ios; settings = {ATTRIBUTES = (Public, ); }; };
		68F6AA1024D3309300FC9637 /* pkcs12err.h in Headers */ = {isa = PBXBuildFile; fileRef = 68F6A9A524D3308F00FC9637 /* pkcs12err.h */; platformFilter = ios; settings = {ATTRIBUTES = (Public, ); }; };
		68F6AA1124D3309300FC9637 /* obj_mac.h in Headers */ = {isa = PBXBuildFile; fileRef = 68F6A9A624D3308F00FC9637 /* obj_mac.h */; platformFilter = ios; settings = {ATTRIBUTES = (Public, ); }; };
		68F6AA1224D3309300FC9637 /* x509v3.h in Headers */ = {isa = PBXBuildFile; fileRef = 68F6A9A724D3308F00FC9637 /* x509v3.h */; platformFilter = ios; settings = {ATTRIBUTES = (Public, ); }; };
		68F6AA1324D3309300FC9637 /* objects.h in Headers */ = {isa = PBXBuildFile; fileRef = 68F6A9A824D3308F00FC9637 /* objects.h */; platformFilter = ios; settings = {ATTRIBUTES = (Public, ); }; };
		68F6AA1424D3309300FC9637 /* whrlpool.h in Headers */ = {isa = PBXBuildFile; fileRef = 68F6A9A924D3308F00FC9637 /* whrlpool.h */; platformFilter = ios; settings = {ATTRIBUTES = (Public, ); }; };
		68F6AA1524D3309300FC9637 /* crypto.h in Headers */ = {isa = PBXBuildFile; fileRef = 68F6A9AA24D3308F00FC9637 /* crypto.h */; platformFilter = ios; settings = {ATTRIBUTES = (Public, ); }; };
		68F6AA1624D3309300FC9637 /* evperr.h in Headers */ = {isa = PBXBuildFile; fileRef = 68F6A9AB24D3308F00FC9637 /* evperr.h */; platformFilter = ios; settings = {ATTRIBUTES = (Public, ); }; };
		68F6AA1724D3309300FC9637 /* lhash.h in Headers */ = {isa = PBXBuildFile; fileRef = 68F6A9AC24D3308F00FC9637 /* lhash.h */; platformFilter = ios; settings = {ATTRIBUTES = (Public, ); }; };
		68F6AA1824D3309300FC9637 /* rand.h in Headers */ = {isa = PBXBuildFile; fileRef = 68F6A9AD24D3308F00FC9637 /* rand.h */; platformFilter = ios; settings = {ATTRIBUTES = (Public, ); }; };
		68F6AA1924D3309300FC9637 /* e_os2.h in Headers */ = {isa = PBXBuildFile; fileRef = 68F6A9AE24D3308F00FC9637 /* e_os2.h */; platformFilter = ios; settings = {ATTRIBUTES = (Public, ); }; };
		68F6AA1A24D3309300FC9637 /* asn1_locl.h in Headers */ = {isa = PBXBuildFile; fileRef = 68F6A9AF24D3308F00FC9637 /* asn1_locl.h */; platformFilter = ios; settings = {ATTRIBUTES = (Public, ); }; };
		68F6AA1B24D3309300FC9637 /* cmserr.h in Headers */ = {isa = PBXBuildFile; fileRef = 68F6A9B024D3309000FC9637 /* cmserr.h */; platformFilter = ios; settings = {ATTRIBUTES = (Public, ); }; };
		68F6AA1C24D3309300FC9637 /* asn1err.h in Headers */ = {isa = PBXBuildFile; fileRef = 68F6A9B124D3309000FC9637 /* asn1err.h */; platformFilter = ios; settings = {ATTRIBUTES = (Public, ); }; };
		68F6AA1D24D3309300FC9637 /* ecdsa.h in Headers */ = {isa = PBXBuildFile; fileRef = 68F6A9B224D3309000FC9637 /* ecdsa.h */; platformFilter = ios; settings = {ATTRIBUTES = (Public, ); }; };
		68F6AA1E24D3309300FC9637 /* dtls1.h in Headers */ = {isa = PBXBuildFile; fileRef = 68F6A9B324D3309000FC9637 /* dtls1.h */; platformFilter = ios; settings = {ATTRIBUTES = (Public, ); }; };
		68F6AA1F24D3309300FC9637 /* srtp.h in Headers */ = {isa = PBXBuildFile; fileRef = 68F6A9B424D3309000FC9637 /* srtp.h */; platformFilter = ios; settings = {ATTRIBUTES = (Public, ); }; };
		68F6AA2024D3309300FC9637 /* srp.h in Headers */ = {isa = PBXBuildFile; fileRef = 68F6A9B524D3309000FC9637 /* srp.h */; platformFilter = ios; settings = {ATTRIBUTES = (Public, ); }; };
		68F6AA2124D3309300FC9637 /* store.h in Headers */ = {isa = PBXBuildFile; fileRef = 68F6A9B624D3309000FC9637 /* store.h */; platformFilter = ios; settings = {ATTRIBUTES = (Public, ); }; };
		68F6AA2224D3309300FC9637 /* ec.h in Headers */ = {isa = PBXBuildFile; fileRef = 68F6A9B724D3309000FC9637 /* ec.h */; platformFilter = ios; settings = {ATTRIBUTES = (Public, ); }; };
		68F6AA2324D3309300FC9637 /* cryptoerr.h in Headers */ = {isa = PBXBuildFile; fileRef = 68F6A9B824D3309000FC9637 /* cryptoerr.h */; platformFilter = ios; settings = {ATTRIBUTES = (Public, ); }; };
		68F6AA2424D3309300FC9637 /* camellia.h in Headers */ = {isa = PBXBuildFile; fileRef = 68F6A9B924D3309100FC9637 /* camellia.h */; platformFilter = ios; settings = {ATTRIBUTES = (Public, ); }; };
		68F6AA2524D3309300FC9637 /* dsa.h in Headers */ = {isa = PBXBuildFile; fileRef = 68F6A9BA24D3309100FC9637 /* dsa.h */; platformFilter = ios; settings = {ATTRIBUTES = (Public, ); }; };
		68F6AA2624D3309300FC9637 /* conf_api.h in Headers */ = {isa = PBXBuildFile; fileRef = 68F6A9BB24D3309100FC9637 /* conf_api.h */; platformFilter = ios; settings = {ATTRIBUTES = (Public, ); }; };
		68F6AA2724D3309300FC9637 /* pem2.h in Headers */ = {isa = PBXBuildFile; fileRef = 68F6A9BC24D3309100FC9637 /* pem2.h */; platformFilter = ios; settings = {ATTRIBUTES = (Public, ); }; };
		68F6AA2824D3309300FC9637 /* kdf.h in Headers */ = {isa = PBXBuildFile; fileRef = 68F6A9BD24D3309100FC9637 /* kdf.h */; platformFilter = ios; settings = {ATTRIBUTES = (Public, ); }; };
		68F6AA2924D3309300FC9637 /* rsaerr.h in Headers */ = {isa = PBXBuildFile; fileRef = 68F6A9BE24D3309100FC9637 /* rsaerr.h */; platformFilter = ios; settings = {ATTRIBUTES = (Public, ); }; };
		68F6AA2A24D3309300FC9637 /* comperr.h in Headers */ = {isa = PBXBuildFile; fileRef = 68F6A9BF24D3309100FC9637 /* comperr.h */; platformFilter = ios; settings = {ATTRIBUTES = (Public, ); }; };
		68F6AA2B24D3309300FC9637 /* cmac.h in Headers */ = {isa = PBXBuildFile; fileRef = 68F6A9C024D3309100FC9637 /* cmac.h */; platformFilter = ios; settings = {ATTRIBUTES = (Public, ); }; };
		68F6AA2C24D3309300FC9637 /* x509v3err.h in Headers */ = {isa = PBXBuildFile; fileRef = 68F6A9C124D3309100FC9637 /* x509v3err.h */; platformFilter = ios; settings = {ATTRIBUTES = (Public, ); }; };
		68F6AA2D24D3309300FC9637 /* async.h in Headers */ = {isa = PBXBuildFile; fileRef = 68F6A9C224D3309100FC9637 /* async.h */; platformFilter = ios; settings = {ATTRIBUTES = (Public, ); }; };
		68F6AA2E24D3309300FC9637 /* storeerr.h in Headers */ = {isa = PBXBuildFile; fileRef = 68F6A9C324D3309200FC9637 /* storeerr.h */; platformFilter = ios; settings = {ATTRIBUTES = (Public, ); }; };
		68F6AA2F24D3309300FC9637 /* md5.h in Headers */ = {isa = PBXBuildFile; fileRef = 68F6A9C424D3309200FC9637 /* md5.h */; platformFilter = ios; settings = {ATTRIBUTES = (Public, ); }; };
		68F6AA3024D3309300FC9637 /* cms.h in Headers */ = {isa = PBXBuildFile; fileRef = 68F6A9C524D3309200FC9637 /* cms.h */; platformFilter = ios; settings = {ATTRIBUTES = (Public, ); }; };
/* End PBXBuildFile section */

/* Begin PBXContainerItemProxy section */
		6805B78624D3100A00169F3F /* PBXContainerItemProxy */ = {
			isa = PBXContainerItemProxy;
			containerPortal = 68E05E0324A262C200B6728D /* Project object */;
			proxyType = 1;
			remoteGlobalIDString = 6805B77B24D3100900169F3F;
			remoteInfo = IAPHelper;
		};
		6805B78824D3100A00169F3F /* PBXContainerItemProxy */ = {
			isa = PBXContainerItemProxy;
			containerPortal = 68E05E0324A262C200B6728D /* Project object */;
			proxyType = 1;
			remoteGlobalIDString = 68E05E0A24A262C200B6728D;
			remoteInfo = IAPTestingDemo;
		};
		6805B78F24D3100A00169F3F /* PBXContainerItemProxy */ = {
			isa = PBXContainerItemProxy;
			containerPortal = 68E05E0324A262C200B6728D /* Project object */;
			proxyType = 1;
			remoteGlobalIDString = 6805B77B24D3100900169F3F;
			remoteInfo = IAPHelper;
		};
/* End PBXContainerItemProxy section */

/* Begin PBXCopyFilesBuildPhase section */
		6805B79324D3100A00169F3F /* Embed Frameworks */ = {
			isa = PBXCopyFilesBuildPhase;
			buildActionMask = 2147483647;
			dstPath = "";
			dstSubfolderSpec = 10;
			files = (
				6805B79224D3100A00169F3F /* IAPHelper.framework in Embed Frameworks */,
			);
			name = "Embed Frameworks";
			runOnlyForDeploymentPostprocessing = 0;
		};
/* End PBXCopyFilesBuildPhase section */

/* Begin PBXFileReference section */
		6805B77C24D3100900169F3F /* IAPHelper.framework */ = {isa = PBXFileReference; explicitFileType = wrapper.framework; includeInIndex = 0; path = IAPHelper.framework; sourceTree = BUILT_PRODUCTS_DIR; };
		6805B77E24D3100900169F3F /* IAPHelper.h */ = {isa = PBXFileReference; lastKnownFileType = sourcecode.c.h; path = IAPHelper.h; sourceTree = "<group>"; };
		6805B77F24D3100900169F3F /* Info.plist */ = {isa = PBXFileReference; lastKnownFileType = text.plist.xml; path = Info.plist; sourceTree = "<group>"; };
		6805B78424D3100A00169F3F /* IAPHelperTests.xctest */ = {isa = PBXFileReference; explicitFileType = wrapper.cfbundle; includeInIndex = 0; path = IAPHelperTests.xctest; sourceTree = BUILT_PRODUCTS_DIR; };
		6805B78B24D3100A00169F3F /* IAPHelperTests.swift */ = {isa = PBXFileReference; lastKnownFileType = sourcecode.swift; path = IAPHelperTests.swift; sourceTree = "<group>"; };
		6805B78D24D3100A00169F3F /* Info.plist */ = {isa = PBXFileReference; lastKnownFileType = text.plist.xml; path = Info.plist; sourceTree = "<group>"; };
		6805B7B224D3136200169F3F /* libssl.a */ = {isa = PBXFileReference; lastKnownFileType = archive.ar; name = libssl.a; path = IAPHelper/openssl/lib/libssl.a; sourceTree = "<group>"; };
		6805B7B324D3136200169F3F /* libcrypto.a */ = {isa = PBXFileReference; lastKnownFileType = archive.ar; name = libcrypto.a; path = IAPHelper/openssl/lib/libcrypto.a; sourceTree = "<group>"; };
		6811A5EE24A3D7DF00458F85 /* README.md */ = {isa = PBXFileReference; lastKnownFileType = net.daringfireball.markdown; path = README.md; sourceTree = "<group>"; };
		681E897924EFF19100B20871 /* iap3.jpg */ = {isa = PBXFileReference; lastKnownFileType = image.jpeg; path = iap3.jpg; sourceTree = "<group>"; };
		6841302A2524E851008A6F25 /* iap9.jpg */ = {isa = PBXFileReference; lastKnownFileType = image.jpeg; path = iap9.jpg; sourceTree = "<group>"; };
		68427B91253092B800A7C328 /* iap10.jpg */ = {isa = PBXFileReference; lastKnownFileType = image.jpeg; path = iap10.jpg; sourceTree = "<group>"; };
		68427B92253092B800A7C328 /* iap12.jpg */ = {isa = PBXFileReference; lastKnownFileType = image.jpeg; path = iap12.jpg; sourceTree = "<group>"; };
		68427B93253092B800A7C328 /* iap5.jpg */ = {isa = PBXFileReference; lastKnownFileType = image.jpeg; path = iap5.jpg; sourceTree = "<group>"; };
		68427B94253092B800A7C328 /* iap6.jpg */ = {isa = PBXFileReference; lastKnownFileType = image.jpeg; path = iap6.jpg; sourceTree = "<group>"; };
		68427B95253092B800A7C328 /* iap7.jpg */ = {isa = PBXFileReference; lastKnownFileType = image.jpeg; path = iap7.jpg; sourceTree = "<group>"; };
		68427B96253092B800A7C328 /* iap4.jpg */ = {isa = PBXFileReference; lastKnownFileType = image.jpeg; path = iap4.jpg; sourceTree = "<group>"; };
		68427B97253092B800A7C328 /* iap9.jpg */ = {isa = PBXFileReference; lastKnownFileType = image.jpeg; path = iap9.jpg; sourceTree = "<group>"; };
		68427B99253092B800A7C328 /* iap3.jpg */ = {isa = PBXFileReference; lastKnownFileType = image.jpeg; path = iap3.jpg; sourceTree = "<group>"; };
		68427B9A253092B800A7C328 /* iap2.jpg */ = {isa = PBXFileReference; lastKnownFileType = image.jpeg; path = iap2.jpg; sourceTree = "<group>"; };
		68427B9B253092B800A7C328 /* iap11.jpg */ = {isa = PBXFileReference; lastKnownFileType = image.jpeg; path = iap11.jpg; sourceTree = "<group>"; };
		68427BB32530935B00A7C328 /* iap1.jpg */ = {isa = PBXFileReference; lastKnownFileType = image.jpeg; path = iap1.jpg; sourceTree = "<group>"; };
		68427BB72530936800A7C328 /* iap1.jpg */ = {isa = PBXFileReference; lastKnownFileType = image.jpeg; path = iap1.jpg; sourceTree = "<group>"; };
		6845FC0124A4D1EE007FF7BA /* IAPPersistenceProtocol.swift */ = {isa = PBXFileReference; lastKnownFileType = sourcecode.swift; path = IAPPersistenceProtocol.swift; sourceTree = "<group>"; };
		6845FC0324A4F379007FF7BA /* IAPLog.swift */ = {isa = PBXFileReference; lastKnownFileType = sourcecode.swift; path = IAPLog.swift; sourceTree = "<group>"; };
		68572E5224AE9EF200965618 /* IAPReceiptError.swift */ = {isa = PBXFileReference; lastKnownFileType = sourcecode.swift; path = IAPReceiptError.swift; sourceTree = "<group>"; };
		68572E5424AE9F6800965618 /* IAPOpenSSLAttributeType.swift */ = {isa = PBXFileReference; lastKnownFileType = sourcecode.swift; path = IAPOpenSSLAttributeType.swift; sourceTree = "<group>"; };
		685E9F2824BCB218005A71F3 /* IAPHelper+SKRequestDelegate.swift */ = {isa = PBXFileReference; lastKnownFileType = sourcecode.swift; path = "IAPHelper+SKRequestDelegate.swift"; sourceTree = "<group>"; };
		685E9F2A24BCB265005A71F3 /* IAPHelper+IAPReceiptDelegate.swift */ = {isa = PBXFileReference; lastKnownFileType = sourcecode.swift; path = "IAPHelper+IAPReceiptDelegate.swift"; sourceTree = "<group>"; };
		6865850A2524DEA7000684C0 /* iap5.jpg */ = {isa = PBXFileReference; lastKnownFileType = image.jpeg; path = iap5.jpg; sourceTree = "<group>"; };
		6865850B2524DEA7000684C0 /* iap4.jpg */ = {isa = PBXFileReference; lastKnownFileType = image.jpeg; path = iap4.jpg; sourceTree = "<group>"; };
		6865850C2524DEA7000684C0 /* iap7.jpg */ = {isa = PBXFileReference; lastKnownFileType = image.jpeg; path = iap7.jpg; sourceTree = "<group>"; };
		6865850D2524DEA7000684C0 /* iap6.jpg */ = {isa = PBXFileReference; lastKnownFileType = image.jpeg; path = iap6.jpg; sourceTree = "<group>"; };
		688774EB24A3A2C3006840A8 /* IAPConfiguration.swift */ = {isa = PBXFileReference; lastKnownFileType = sourcecode.swift; path = IAPConfiguration.swift; sourceTree = "<group>"; };
		688774ED24A3BC98006840A8 /* IAPConstants.swift */ = {isa = PBXFileReference; lastKnownFileType = sourcecode.swift; path = IAPConstants.swift; sourceTree = "<group>"; };
		688774EF24A3BF36006840A8 /* ConfigurationRelease.storekit */ = {isa = PBXFileReference; lastKnownFileType = text; path = ConfigurationRelease.storekit; sourceTree = "<group>"; };
		688774F124A3C080006840A8 /* AppleIncRootCertificate.cer */ = {isa = PBXFileReference; lastKnownFileType = file; path = AppleIncRootCertificate.cer; sourceTree = "<group>"; };
		68942DC424ED83CA001DEE05 /* iap2.jpg */ = {isa = PBXFileReference; lastKnownFileType = image.jpeg; path = iap2.jpg; sourceTree = "<group>"; };
		689F742224B7403E0093F12C /* ProductCell.swift */ = {isa = PBXFileReference; lastKnownFileType = sourcecode.swift; path = ProductCell.swift; sourceTree = "<group>"; };
		689F742424B7404B0093F12C /* RestoreCell.swift */ = {isa = PBXFileReference; lastKnownFileType = sourcecode.swift; path = RestoreCell.swift; sourceTree = "<group>"; };
		689F742824B745D10093F12C /* IAPProductInfo.swift */ = {isa = PBXFileReference; lastKnownFileType = sourcecode.swift; path = IAPProductInfo.swift; sourceTree = "<group>"; };
		68A40E2A24E4030D001C8B72 /* StoreKit.framework */ = {isa = PBXFileReference; lastKnownFileType = wrapper.framework; name = StoreKit.framework; path = System/Library/Frameworks/StoreKit.framework; sourceTree = SDKROOT; };
		68A4653424A428A5002142D4 /* IAPConfigurationModel.swift */ = {isa = PBXFileReference; lastKnownFileType = sourcecode.swift; path = IAPConfigurationModel.swift; sourceTree = "<group>"; };
		68A4653624A428FC002142D4 /* IAPPersistence.swift */ = {isa = PBXFileReference; lastKnownFileType = sourcecode.swift; path = IAPPersistence.swift; sourceTree = "<group>"; };
		68A4653824A429DB002142D4 /* IAPReceipt.swift */ = {isa = PBXFileReference; lastKnownFileType = sourcecode.swift; path = IAPReceipt.swift; sourceTree = "<group>"; };
		68A4653A24A42A7F002142D4 /* IAPOpenSSL.swift */ = {isa = PBXFileReference; lastKnownFileType = sourcecode.swift; path = IAPOpenSSL.swift; sourceTree = "<group>"; };
		68A8E995252F3E51001ED954 /* iap10.jpg */ = {isa = PBXFileReference; lastKnownFileType = image.jpeg; path = iap10.jpg; sourceTree = "<group>"; };
		68A8E999252F40AD001ED954 /* iap11.jpg */ = {isa = PBXFileReference; lastKnownFileType = image.jpeg; path = iap11.jpg; sourceTree = "<group>"; };
		68A8E9C7252F7B34001ED954 /* iap12.jpg */ = {isa = PBXFileReference; lastKnownFileType = image.jpeg; path = iap12.jpg; sourceTree = "<group>"; };
		68AA839C24AA4165003A27AE /* IAPReceiptProductInfo.swift */ = {isa = PBXFileReference; lastKnownFileType = sourcecode.swift; path = IAPReceiptProductInfo.swift; sourceTree = "<group>"; };
		68BE1DB624E06AA2001FA776 /* README.md */ = {isa = PBXFileReference; lastKnownFileType = net.daringfireball.markdown; path = README.md; sourceTree = "<group>"; };
		68D5B24224B2ABB00092F570 /* IAPHelper+SKPaymentTransactionObserver.swift */ = {isa = PBXFileReference; lastKnownFileType = sourcecode.swift; path = "IAPHelper+SKPaymentTransactionObserver.swift"; sourceTree = "<group>"; };
		68D5B24424B2AD5A0092F570 /* IAPHelper+SKProductsRequestDelegate.swift */ = {isa = PBXFileReference; lastKnownFileType = sourcecode.swift; path = "IAPHelper+SKProductsRequestDelegate.swift"; sourceTree = "<group>"; };
		68D5B24624B2AE630092F570 /* IAPHelper+AppStore.swift */ = {isa = PBXFileReference; lastKnownFileType = sourcecode.swift; path = "IAPHelper+AppStore.swift"; sourceTree = "<group>"; };
		68D5B24A24B2AF720092F570 /* IAPReceiptDelegate.swift */ = {isa = PBXFileReference; lastKnownFileType = sourcecode.swift; path = IAPReceiptDelegate.swift; sourceTree = "<group>"; };
		68D5B24C24B2AFDA0092F570 /* IAPReceipt+Load.swift */ = {isa = PBXFileReference; lastKnownFileType = sourcecode.swift; path = "IAPReceipt+Load.swift"; sourceTree = "<group>"; };
		68D5B24E24B2B02E0092F570 /* IAPReceipt+ValidateSigning.swift */ = {isa = PBXFileReference; lastKnownFileType = sourcecode.swift; path = "IAPReceipt+ValidateSigning.swift"; sourceTree = "<group>"; };
		68D5B25024B2B0630092F570 /* IAPReceipt+Read.swift */ = {isa = PBXFileReference; lastKnownFileType = sourcecode.swift; path = "IAPReceipt+Read.swift"; sourceTree = "<group>"; };
		68D5B25224B2B0A40092F570 /* IAPReceipt+Validate.swift */ = {isa = PBXFileReference; lastKnownFileType = sourcecode.swift; path = "IAPReceipt+Validate.swift"; sourceTree = "<group>"; };
		68E05E0B24A262C200B6728D /* IAPTestingDemo.app */ = {isa = PBXFileReference; explicitFileType = wrapper.application; includeInIndex = 0; path = IAPTestingDemo.app; sourceTree = BUILT_PRODUCTS_DIR; };
		68E05E0E24A262C200B6728D /* AppDelegate.swift */ = {isa = PBXFileReference; lastKnownFileType = sourcecode.swift; path = AppDelegate.swift; sourceTree = "<group>"; };
		68E05E1024A262C200B6728D /* SceneDelegate.swift */ = {isa = PBXFileReference; lastKnownFileType = sourcecode.swift; path = SceneDelegate.swift; sourceTree = "<group>"; };
		68E05E1224A262C200B6728D /* ViewController.swift */ = {isa = PBXFileReference; lastKnownFileType = sourcecode.swift; path = ViewController.swift; sourceTree = "<group>"; };
		68E05E1724A262C300B6728D /* Assets.xcassets */ = {isa = PBXFileReference; lastKnownFileType = folder.assetcatalog; path = Assets.xcassets; sourceTree = "<group>"; };
		68E05E1A24A262C300B6728D /* Base */ = {isa = PBXFileReference; lastKnownFileType = file.storyboard; name = Base; path = Base.lproj/LaunchScreen.storyboard; sourceTree = "<group>"; };
		68E05E1C24A262C300B6728D /* Info.plist */ = {isa = PBXFileReference; lastKnownFileType = text.plist.xml; path = Info.plist; sourceTree = "<group>"; };
		68E05E3E24A263B100B6728D /* Configuration.storekit */ = {isa = PBXFileReference; lastKnownFileType = text; path = Configuration.storekit; sourceTree = "<group>"; };
		68E05E3F24A2681800B6728D /* StoreKitTestCertificate.cer */ = {isa = PBXFileReference; lastKnownFileType = file; path = StoreKitTestCertificate.cer; sourceTree = "<group>"; };
		68E05E4124A269CD00B6728D /* IAPHelper.swift */ = {isa = PBXFileReference; fileEncoding = 4; lastKnownFileType = sourcecode.swift; path = IAPHelper.swift; sourceTree = "<group>"; };
		68E05E4224A269CD00B6728D /* IAPNotification.swift */ = {isa = PBXFileReference; fileEncoding = 4; lastKnownFileType = sourcecode.swift; path = IAPNotification.swift; sourceTree = "<group>"; };
		68F6A95624D3304D00FC9637 /* libssl.a */ = {isa = PBXFileReference; lastKnownFileType = archive.ar; path = libssl.a; sourceTree = "<group>"; };
		68F6A95724D3304E00FC9637 /* libcrypto.a */ = {isa = PBXFileReference; lastKnownFileType = archive.ar; path = libcrypto.a; sourceTree = "<group>"; };
		68F6A95B24D3308800FC9637 /* idea.h */ = {isa = PBXFileReference; fileEncoding = 4; lastKnownFileType = sourcecode.c.h; path = idea.h; sourceTree = "<group>"; };
		68F6A95C24D3308800FC9637 /* md2.h */ = {isa = PBXFileReference; fileEncoding = 4; lastKnownFileType = sourcecode.c.h; path = md2.h; sourceTree = "<group>"; };
		68F6A95D24D3308800FC9637 /* objectserr.h */ = {isa = PBXFileReference; fileEncoding = 4; lastKnownFileType = sourcecode.c.h; path = objectserr.h; sourceTree = "<group>"; };
		68F6A95E24D3308800FC9637 /* kdferr.h */ = {isa = PBXFileReference; fileEncoding = 4; lastKnownFileType = sourcecode.c.h; path = kdferr.h; sourceTree = "<group>"; };
		68F6A95F24D3308800FC9637 /* ebcdic.h */ = {isa = PBXFileReference; fileEncoding = 4; lastKnownFileType = sourcecode.c.h; path = ebcdic.h; sourceTree = "<group>"; };
		68F6A96024D3308800FC9637 /* tserr.h */ = {isa = PBXFileReference; fileEncoding = 4; lastKnownFileType = sourcecode.c.h; path = tserr.h; sourceTree = "<group>"; };
		68F6A96124D3308800FC9637 /* ocsperr.h */ = {isa = PBXFileReference; fileEncoding = 4; lastKnownFileType = sourcecode.c.h; path = ocsperr.h; sourceTree = "<group>"; };
		68F6A96224D3308800FC9637 /* ts.h */ = {isa = PBXFileReference; fileEncoding = 4; lastKnownFileType = sourcecode.c.h; path = ts.h; sourceTree = "<group>"; };
		68F6A96324D3308800FC9637 /* modes.h */ = {isa = PBXFileReference; fileEncoding = 4; lastKnownFileType = sourcecode.c.h; path = modes.h; sourceTree = "<group>"; };
		68F6A96424D3308800FC9637 /* pkcs12.h */ = {isa = PBXFileReference; fileEncoding = 4; lastKnownFileType = sourcecode.c.h; path = pkcs12.h; sourceTree = "<group>"; };
		68F6A96524D3308800FC9637 /* aes.h */ = {isa = PBXFileReference; fileEncoding = 4; lastKnownFileType = sourcecode.c.h; path = aes.h; sourceTree = "<group>"; };
		68F6A96624D3308900FC9637 /* mdc2.h */ = {isa = PBXFileReference; fileEncoding = 4; lastKnownFileType = sourcecode.c.h; path = mdc2.h; sourceTree = "<group>"; };
		68F6A96724D3308900FC9637 /* cast.h */ = {isa = PBXFileReference; fileEncoding = 4; lastKnownFileType = sourcecode.c.h; path = cast.h; sourceTree = "<group>"; };
		68F6A96824D3308900FC9637 /* bio.h */ = {isa = PBXFileReference; fileEncoding = 4; lastKnownFileType = sourcecode.c.h; path = bio.h; sourceTree = "<group>"; };
		68F6A96924D3308900FC9637 /* rc2.h */ = {isa = PBXFileReference; fileEncoding = 4; lastKnownFileType = sourcecode.c.h; path = rc2.h; sourceTree = "<group>"; };
		68F6A96A24D3308900FC9637 /* conferr.h */ = {isa = PBXFileReference; fileEncoding = 4; lastKnownFileType = sourcecode.c.h; path = conferr.h; sourceTree = "<group>"; };
		68F6A96B24D3308900FC9637 /* opensslconf.h */ = {isa = PBXFileReference; fileEncoding = 4; lastKnownFileType = sourcecode.c.h; path = opensslconf.h; sourceTree = "<group>"; };
		68F6A96C24D3308900FC9637 /* opensslv.h */ = {isa = PBXFileReference; fileEncoding = 4; lastKnownFileType = sourcecode.c.h; path = opensslv.h; sourceTree = "<group>"; };
		68F6A96D24D3308900FC9637 /* ui.h */ = {isa = PBXFileReference; fileEncoding = 4; lastKnownFileType = sourcecode.c.h; path = ui.h; sourceTree = "<group>"; };
		68F6A96E24D3308900FC9637 /* sslerr.h */ = {isa = PBXFileReference; fileEncoding = 4; lastKnownFileType = sourcecode.c.h; path = sslerr.h; sourceTree = "<group>"; };
		68F6A96F24D3308A00FC9637 /* comp.h */ = {isa = PBXFileReference; fileEncoding = 4; lastKnownFileType = sourcecode.c.h; path = comp.h; sourceTree = "<group>"; };
		68F6A97024D3308A00FC9637 /* ssl2.h */ = {isa = PBXFileReference; fileEncoding = 4; lastKnownFileType = sourcecode.c.h; path = ssl2.h; sourceTree = "<group>"; };
		68F6A97124D3308A00FC9637 /* symhacks.h */ = {isa = PBXFileReference; fileEncoding = 4; lastKnownFileType = sourcecode.c.h; path = symhacks.h; sourceTree = "<group>"; };
		68F6A97224D3308A00FC9637 /* md4.h */ = {isa = PBXFileReference; fileEncoding = 4; lastKnownFileType = sourcecode.c.h; path = md4.h; sourceTree = "<group>"; };
		68F6A97324D3308A00FC9637 /* tls1.h */ = {isa = PBXFileReference; fileEncoding = 4; lastKnownFileType = sourcecode.c.h; path = tls1.h; sourceTree = "<group>"; };
		68F6A97424D3308A00FC9637 /* buffer.h */ = {isa = PBXFileReference; fileEncoding = 4; lastKnownFileType = sourcecode.c.h; path = buffer.h; sourceTree = "<group>"; };
		68F6A97524D3308A00FC9637 /* ssl.h */ = {isa = PBXFileReference; fileEncoding = 4; lastKnownFileType = sourcecode.c.h; path = ssl.h; sourceTree = "<group>"; };
		68F6A97624D3308A00FC9637 /* randerr.h */ = {isa = PBXFileReference; fileEncoding = 4; lastKnownFileType = sourcecode.c.h; path = randerr.h; sourceTree = "<group>"; };
		68F6A97824D3308A00FC9637 /* dherr.h */ = {isa = PBXFileReference; fileEncoding = 4; lastKnownFileType = sourcecode.c.h; path = dherr.h; sourceTree = "<group>"; };
		68F6A97924D3308B00FC9637 /* asn1_mac.h */ = {isa = PBXFileReference; fileEncoding = 4; lastKnownFileType = sourcecode.c.h; path = asn1_mac.h; sourceTree = "<group>"; };
		68F6A97A24D3308B00FC9637 /* x509.h */ = {isa = PBXFileReference; fileEncoding = 4; lastKnownFileType = sourcecode.c.h; path = x509.h; sourceTree = "<group>"; };
		68F6A97B24D3308B00FC9637 /* asn1.h */ = {isa = PBXFileReference; fileEncoding = 4; lastKnownFileType = sourcecode.c.h; path = asn1.h; sourceTree = "<group>"; };
		68F6A97C24D3308B00FC9637 /* ossl_typ.h */ = {isa = PBXFileReference; fileEncoding = 4; lastKnownFileType = sourcecode.c.h; path = ossl_typ.h; sourceTree = "<group>"; };
		68F6A97D24D3308B00FC9637 /* hmac.h */ = {isa = PBXFileReference; fileEncoding = 4; lastKnownFileType = sourcecode.c.h; path = hmac.h; sourceTree = "<group>"; };
		68F6A97E24D3308B00FC9637 /* engineerr.h */ = {isa = PBXFileReference; fileEncoding = 4; lastKnownFileType = sourcecode.c.h; path = engineerr.h; sourceTree = "<group>"; };
		68F6A97F24D3308B00FC9637 /* dh.h */ = {isa = PBXFileReference; fileEncoding = 4; lastKnownFileType = sourcecode.c.h; path = dh.h; sourceTree = "<group>"; };
		68F6A98024D3308B00FC9637 /* rc5.h */ = {isa = PBXFileReference; fileEncoding = 4; lastKnownFileType = sourcecode.c.h; path = rc5.h; sourceTree = "<group>"; };
		68F6A98124D3308B00FC9637 /* dsaerr.h */ = {isa = PBXFileReference; fileEncoding = 4; lastKnownFileType = sourcecode.c.h; path = dsaerr.h; sourceTree = "<group>"; };
		68F6A98224D3308B00FC9637 /* blowfish.h */ = {isa = PBXFileReference; fileEncoding = 4; lastKnownFileType = sourcecode.c.h; path = blowfish.h; sourceTree = "<group>"; };
		68F6A98324D3308B00FC9637 /* bioerr.h */ = {isa = PBXFileReference; fileEncoding = 4; lastKnownFileType = sourcecode.c.h; path = bioerr.h; sourceTree = "<group>"; };
		68F6A98424D3308C00FC9637 /* sha.h */ = {isa = PBXFileReference; fileEncoding = 4; lastKnownFileType = sourcecode.c.h; path = sha.h; sourceTree = "<group>"; };
		68F6A98524D3308C00FC9637 /* rand_drbg.h */ = {isa = PBXFileReference; fileEncoding = 4; lastKnownFileType = sourcecode.c.h; path = rand_drbg.h; sourceTree = "<group>"; };
		68F6A98624D3308C00FC9637 /* engine.h */ = {isa = PBXFileReference; fileEncoding = 4; lastKnownFileType = sourcecode.c.h; path = engine.h; sourceTree = "<group>"; };
		68F6A98724D3308C00FC9637 /* ripemd.h */ = {isa = PBXFileReference; fileEncoding = 4; lastKnownFileType = sourcecode.c.h; path = ripemd.h; sourceTree = "<group>"; };
		68F6A98824D3308C00FC9637 /* asyncerr.h */ = {isa = PBXFileReference; fileEncoding = 4; lastKnownFileType = sourcecode.c.h; path = asyncerr.h; sourceTree = "<group>"; };
		68F6A98924D3308C00FC9637 /* pkcs7.h */ = {isa = PBXFileReference; fileEncoding = 4; lastKnownFileType = sourcecode.c.h; path = pkcs7.h; sourceTree = "<group>"; };
		68F6A98A24D3308C00FC9637 /* err.h */ = {isa = PBXFileReference; fileEncoding = 4; lastKnownFileType = sourcecode.c.h; path = err.h; sourceTree = "<group>"; };
		68F6A98B24D3308C00FC9637 /* ecdh.h */ = {isa = PBXFileReference; fileEncoding = 4; lastKnownFileType = sourcecode.c.h; path = ecdh.h; sourceTree = "<group>"; };
		68F6A98C24D3308C00FC9637 /* ecerr.h */ = {isa = PBXFileReference; fileEncoding = 4; lastKnownFileType = sourcecode.c.h; path = ecerr.h; sourceTree = "<group>"; };
		68F6A98D24D3308C00FC9637 /* stack.h */ = {isa = PBXFileReference; fileEncoding = 4; lastKnownFileType = sourcecode.c.h; path = stack.h; sourceTree = "<group>"; };
		68F6A98E24D3308C00FC9637 /* cterr.h */ = {isa = PBXFileReference; fileEncoding = 4; lastKnownFileType = sourcecode.c.h; path = cterr.h; sourceTree = "<group>"; };
		68F6A98F24D3308D00FC9637 /* seed.h */ = {isa = PBXFileReference; fileEncoding = 4; lastKnownFileType = sourcecode.c.h; path = seed.h; sourceTree = "<group>"; };
		68F6A99024D3308D00FC9637 /* pkcs7err.h */ = {isa = PBXFileReference; fileEncoding = 4; lastKnownFileType = sourcecode.c.h; path = pkcs7err.h; sourceTree = "<group>"; };
		68F6A99124D3308D00FC9637 /* txt_db.h */ = {isa = PBXFileReference; fileEncoding = 4; lastKnownFileType = sourcecode.c.h; path = txt_db.h; sourceTree = "<group>"; };
		68F6A99224D3308D00FC9637 /* bnerr.h */ = {isa = PBXFileReference; fileEncoding = 4; lastKnownFileType = sourcecode.c.h; path = bnerr.h; sourceTree = "<group>"; };
		68F6A99324D3308D00FC9637 /* rsa.h */ = {isa = PBXFileReference; fileEncoding = 4; lastKnownFileType = sourcecode.c.h; path = rsa.h; sourceTree = "<group>"; };
		68F6A99424D3308D00FC9637 /* inttypes.h */ = {isa = PBXFileReference; fileEncoding = 4; lastKnownFileType = sourcecode.c.h; path = inttypes.h; sourceTree = "<group>"; };
		68F6A99524D3308D00FC9637 /* buffererr.h */ = {isa = PBXFileReference; fileEncoding = 4; lastKnownFileType = sourcecode.c.h; path = buffererr.h; sourceTree = "<group>"; };
		68F6A99624D3308D00FC9637 /* safestack.h */ = {isa = PBXFileReference; fileEncoding = 4; lastKnownFileType = sourcecode.c.h; path = safestack.h; sourceTree = "<group>"; };
		68F6A99724D3308D00FC9637 /* pem.h */ = {isa = PBXFileReference; fileEncoding = 4; lastKnownFileType = sourcecode.c.h; path = pem.h; sourceTree = "<group>"; };
		68F6A99824D3308D00FC9637 /* x509_vfy.h */ = {isa = PBXFileReference; fileEncoding = 4; lastKnownFileType = sourcecode.c.h; path = x509_vfy.h; sourceTree = "<group>"; };
		68F6A99924D3308D00FC9637 /* pemerr.h */ = {isa = PBXFileReference; fileEncoding = 4; lastKnownFileType = sourcecode.c.h; path = pemerr.h; sourceTree = "<group>"; };
		68F6A99A24D3308E00FC9637 /* conf.h */ = {isa = PBXFileReference; fileEncoding = 4; lastKnownFileType = sourcecode.c.h; path = conf.h; sourceTree = "<group>"; };
		68F6A99B24D3308E00FC9637 /* ssl3.h */ = {isa = PBXFileReference; fileEncoding = 4; lastKnownFileType = sourcecode.c.h; path = ssl3.h; sourceTree = "<group>"; };
		68F6A99C24D3308E00FC9637 /* ct.h */ = {isa = PBXFileReference; fileEncoding = 4; lastKnownFileType = sourcecode.c.h; path = ct.h; sourceTree = "<group>"; };
		68F6A99D24D3308E00FC9637 /* x509err.h */ = {isa = PBXFileReference; fileEncoding = 4; lastKnownFileType = sourcecode.c.h; path = x509err.h; sourceTree = "<group>"; };
		68F6A99E24D3308E00FC9637 /* ocsp.h */ = {isa = PBXFileReference; fileEncoding = 4; lastKnownFileType = sourcecode.c.h; path = ocsp.h; sourceTree = "<group>"; };
		68F6A99F24D3308E00FC9637 /* evp.h */ = {isa = PBXFileReference; fileEncoding = 4; lastKnownFileType = sourcecode.c.h; path = evp.h; sourceTree = "<group>"; };
		68F6A9A024D3308E00FC9637 /* bn.h */ = {isa = PBXFileReference; fileEncoding = 4; lastKnownFileType = sourcecode.c.h; path = bn.h; sourceTree = "<group>"; };
		68F6A9A124D3308E00FC9637 /* uierr.h */ = {isa = PBXFileReference; fileEncoding = 4; lastKnownFileType = sourcecode.c.h; path = uierr.h; sourceTree = "<group>"; };
		68F6A9A224D3308E00FC9637 /* rc4.h */ = {isa = PBXFileReference; fileEncoding = 4; lastKnownFileType = sourcecode.c.h; path = rc4.h; sourceTree = "<group>"; };
		68F6A9A324D3308E00FC9637 /* des.h */ = {isa = PBXFileReference; fileEncoding = 4; lastKnownFileType = sourcecode.c.h; path = des.h; sourceTree = "<group>"; };
		68F6A9A424D3308E00FC9637 /* asn1t.h */ = {isa = PBXFileReference; fileEncoding = 4; lastKnownFileType = sourcecode.c.h; path = asn1t.h; sourceTree = "<group>"; };
		68F6A9A524D3308F00FC9637 /* pkcs12err.h */ = {isa = PBXFileReference; fileEncoding = 4; lastKnownFileType = sourcecode.c.h; path = pkcs12err.h; sourceTree = "<group>"; };
		68F6A9A624D3308F00FC9637 /* obj_mac.h */ = {isa = PBXFileReference; fileEncoding = 4; lastKnownFileType = sourcecode.c.h; path = obj_mac.h; sourceTree = "<group>"; };
		68F6A9A724D3308F00FC9637 /* x509v3.h */ = {isa = PBXFileReference; fileEncoding = 4; lastKnownFileType = sourcecode.c.h; path = x509v3.h; sourceTree = "<group>"; };
		68F6A9A824D3308F00FC9637 /* objects.h */ = {isa = PBXFileReference; fileEncoding = 4; lastKnownFileType = sourcecode.c.h; path = objects.h; sourceTree = "<group>"; };
		68F6A9A924D3308F00FC9637 /* whrlpool.h */ = {isa = PBXFileReference; fileEncoding = 4; lastKnownFileType = sourcecode.c.h; path = whrlpool.h; sourceTree = "<group>"; };
		68F6A9AA24D3308F00FC9637 /* crypto.h */ = {isa = PBXFileReference; fileEncoding = 4; lastKnownFileType = sourcecode.c.h; path = crypto.h; sourceTree = "<group>"; };
		68F6A9AB24D3308F00FC9637 /* evperr.h */ = {isa = PBXFileReference; fileEncoding = 4; lastKnownFileType = sourcecode.c.h; path = evperr.h; sourceTree = "<group>"; };
		68F6A9AC24D3308F00FC9637 /* lhash.h */ = {isa = PBXFileReference; fileEncoding = 4; lastKnownFileType = sourcecode.c.h; path = lhash.h; sourceTree = "<group>"; };
		68F6A9AD24D3308F00FC9637 /* rand.h */ = {isa = PBXFileReference; fileEncoding = 4; lastKnownFileType = sourcecode.c.h; path = rand.h; sourceTree = "<group>"; };
		68F6A9AE24D3308F00FC9637 /* e_os2.h */ = {isa = PBXFileReference; fileEncoding = 4; lastKnownFileType = sourcecode.c.h; path = e_os2.h; sourceTree = "<group>"; };
		68F6A9AF24D3308F00FC9637 /* asn1_locl.h */ = {isa = PBXFileReference; fileEncoding = 4; lastKnownFileType = sourcecode.c.h; path = asn1_locl.h; sourceTree = "<group>"; };
		68F6A9B024D3309000FC9637 /* cmserr.h */ = {isa = PBXFileReference; fileEncoding = 4; lastKnownFileType = sourcecode.c.h; path = cmserr.h; sourceTree = "<group>"; };
		68F6A9B124D3309000FC9637 /* asn1err.h */ = {isa = PBXFileReference; fileEncoding = 4; lastKnownFileType = sourcecode.c.h; path = asn1err.h; sourceTree = "<group>"; };
		68F6A9B224D3309000FC9637 /* ecdsa.h */ = {isa = PBXFileReference; fileEncoding = 4; lastKnownFileType = sourcecode.c.h; path = ecdsa.h; sourceTree = "<group>"; };
		68F6A9B324D3309000FC9637 /* dtls1.h */ = {isa = PBXFileReference; fileEncoding = 4; lastKnownFileType = sourcecode.c.h; path = dtls1.h; sourceTree = "<group>"; };
		68F6A9B424D3309000FC9637 /* srtp.h */ = {isa = PBXFileReference; fileEncoding = 4; lastKnownFileType = sourcecode.c.h; path = srtp.h; sourceTree = "<group>"; };
		68F6A9B524D3309000FC9637 /* srp.h */ = {isa = PBXFileReference; fileEncoding = 4; lastKnownFileType = sourcecode.c.h; path = srp.h; sourceTree = "<group>"; };
		68F6A9B624D3309000FC9637 /* store.h */ = {isa = PBXFileReference; fileEncoding = 4; lastKnownFileType = sourcecode.c.h; path = store.h; sourceTree = "<group>"; };
		68F6A9B724D3309000FC9637 /* ec.h */ = {isa = PBXFileReference; fileEncoding = 4; lastKnownFileType = sourcecode.c.h; path = ec.h; sourceTree = "<group>"; };
		68F6A9B824D3309000FC9637 /* cryptoerr.h */ = {isa = PBXFileReference; fileEncoding = 4; lastKnownFileType = sourcecode.c.h; path = cryptoerr.h; sourceTree = "<group>"; };
		68F6A9B924D3309100FC9637 /* camellia.h */ = {isa = PBXFileReference; fileEncoding = 4; lastKnownFileType = sourcecode.c.h; path = camellia.h; sourceTree = "<group>"; };
		68F6A9BA24D3309100FC9637 /* dsa.h */ = {isa = PBXFileReference; fileEncoding = 4; lastKnownFileType = sourcecode.c.h; path = dsa.h; sourceTree = "<group>"; };
		68F6A9BB24D3309100FC9637 /* conf_api.h */ = {isa = PBXFileReference; fileEncoding = 4; lastKnownFileType = sourcecode.c.h; path = conf_api.h; sourceTree = "<group>"; };
		68F6A9BC24D3309100FC9637 /* pem2.h */ = {isa = PBXFileReference; fileEncoding = 4; lastKnownFileType = sourcecode.c.h; path = pem2.h; sourceTree = "<group>"; };
		68F6A9BD24D3309100FC9637 /* kdf.h */ = {isa = PBXFileReference; fileEncoding = 4; lastKnownFileType = sourcecode.c.h; path = kdf.h; sourceTree = "<group>"; };
		68F6A9BE24D3309100FC9637 /* rsaerr.h */ = {isa = PBXFileReference; fileEncoding = 4; lastKnownFileType = sourcecode.c.h; path = rsaerr.h; sourceTree = "<group>"; };
		68F6A9BF24D3309100FC9637 /* comperr.h */ = {isa = PBXFileReference; fileEncoding = 4; lastKnownFileType = sourcecode.c.h; path = comperr.h; sourceTree = "<group>"; };
		68F6A9C024D3309100FC9637 /* cmac.h */ = {isa = PBXFileReference; fileEncoding = 4; lastKnownFileType = sourcecode.c.h; path = cmac.h; sourceTree = "<group>"; };
		68F6A9C124D3309100FC9637 /* x509v3err.h */ = {isa = PBXFileReference; fileEncoding = 4; lastKnownFileType = sourcecode.c.h; path = x509v3err.h; sourceTree = "<group>"; };
		68F6A9C224D3309100FC9637 /* async.h */ = {isa = PBXFileReference; fileEncoding = 4; lastKnownFileType = sourcecode.c.h; path = async.h; sourceTree = "<group>"; };
		68F6A9C324D3309200FC9637 /* storeerr.h */ = {isa = PBXFileReference; fileEncoding = 4; lastKnownFileType = sourcecode.c.h; path = storeerr.h; sourceTree = "<group>"; };
		68F6A9C424D3309200FC9637 /* md5.h */ = {isa = PBXFileReference; fileEncoding = 4; lastKnownFileType = sourcecode.c.h; path = md5.h; sourceTree = "<group>"; };
		68F6A9C524D3309200FC9637 /* cms.h */ = {isa = PBXFileReference; fileEncoding = 4; lastKnownFileType = sourcecode.c.h; path = cms.h; sourceTree = "<group>"; };
/* End PBXFileReference section */

/* Begin PBXFrameworksBuildPhase section */
		6805B77924D3100900169F3F /* Frameworks */ = {
			isa = PBXFrameworksBuildPhase;
			buildActionMask = 2147483647;
			files = (
				68F6A95924D3304E00FC9637 /* libcrypto.a in Frameworks */,
				68F6A95824D3304E00FC9637 /* libssl.a in Frameworks */,
			);
			runOnlyForDeploymentPostprocessing = 0;
		};
		6805B78124D3100A00169F3F /* Frameworks */ = {
			isa = PBXFrameworksBuildPhase;
			buildActionMask = 2147483647;
			files = (
				6805B78524D3100A00169F3F /* IAPHelper.framework in Frameworks */,
			);
			runOnlyForDeploymentPostprocessing = 0;
		};
		68E05E0824A262C200B6728D /* Frameworks */ = {
			isa = PBXFrameworksBuildPhase;
			buildActionMask = 2147483647;
			files = (
				6805B79124D3100A00169F3F /* IAPHelper.framework in Frameworks */,
				68A40E2B24E4030D001C8B72 /* StoreKit.framework in Frameworks */,
			);
			runOnlyForDeploymentPostprocessing = 0;
		};
/* End PBXFrameworksBuildPhase section */

/* Begin PBXGroup section */
		6805B77D24D3100900169F3F /* IAPHelper */ = {
			isa = PBXGroup;
			children = (
				68BE1DB624E06AA2001FA776 /* README.md */,
				688FAA1E24E3011500BBF2B9 /* readme-assets */,
				68F6A95A24D3305F00FC9637 /* openssl-include */,
				68F6A95524D3302E00FC9637 /* openssl-lib */,
				688774F124A3C080006840A8 /* AppleIncRootCertificate.cer */,
				68E05E3F24A2681800B6728D /* StoreKitTestCertificate.cer */,
				6805B77E24D3100900169F3F /* IAPHelper.h */,
				6805B77F24D3100900169F3F /* Info.plist */,
				688774EB24A3A2C3006840A8 /* IAPConfiguration.swift */,
				68A4653424A428A5002142D4 /* IAPConfigurationModel.swift */,
				688774ED24A3BC98006840A8 /* IAPConstants.swift */,
				68E05E4124A269CD00B6728D /* IAPHelper.swift */,
				68D5B24624B2AE630092F570 /* IAPHelper+AppStore.swift */,
				685E9F2A24BCB265005A71F3 /* IAPHelper+IAPReceiptDelegate.swift */,
				68D5B24224B2ABB00092F570 /* IAPHelper+SKPaymentTransactionObserver.swift */,
				68D5B24424B2AD5A0092F570 /* IAPHelper+SKProductsRequestDelegate.swift */,
				685E9F2824BCB218005A71F3 /* IAPHelper+SKRequestDelegate.swift */,
				6845FC0324A4F379007FF7BA /* IAPLog.swift */,
				68E05E4224A269CD00B6728D /* IAPNotification.swift */,
				68A4653A24A42A7F002142D4 /* IAPOpenSSL.swift */,
				68572E5424AE9F6800965618 /* IAPOpenSSLAttributeType.swift */,
				68A4653624A428FC002142D4 /* IAPPersistence.swift */,
				6845FC0124A4D1EE007FF7BA /* IAPPersistenceProtocol.swift */,
				68A4653824A429DB002142D4 /* IAPReceipt.swift */,
				68D5B24C24B2AFDA0092F570 /* IAPReceipt+Load.swift */,
				68D5B25024B2B0630092F570 /* IAPReceipt+Read.swift */,
				68D5B25224B2B0A40092F570 /* IAPReceipt+Validate.swift */,
				68D5B24E24B2B02E0092F570 /* IAPReceipt+ValidateSigning.swift */,
				68D5B24A24B2AF720092F570 /* IAPReceiptDelegate.swift */,
				68572E5224AE9EF200965618 /* IAPReceiptError.swift */,
				68AA839C24AA4165003A27AE /* IAPReceiptProductInfo.swift */,
				689F742824B745D10093F12C /* IAPProductInfo.swift */,
			);
			path = IAPHelper;
			sourceTree = "<group>";
		};
		6805B78A24D3100A00169F3F /* IAPHelperTests */ = {
			isa = PBXGroup;
			children = (
				6805B78B24D3100A00169F3F /* IAPHelperTests.swift */,
				6805B78D24D3100A00169F3F /* Info.plist */,
			);
			path = IAPHelperTests;
			sourceTree = "<group>";
		};
		6845FC0A24A50830007FF7BA /* Frameworks */ = {
			isa = PBXGroup;
			children = (
				68A40E2A24E4030D001C8B72 /* StoreKit.framework */,
				6805B7B324D3136200169F3F /* libcrypto.a */,
				6805B7B224D3136200169F3F /* libssl.a */,
			);
			name = Frameworks;
			sourceTree = "<group>";
		};
		688FAA1E24E3011500BBF2B9 /* readme-assets */ = {
			isa = PBXGroup;
			children = (
				68427BB32530935B00A7C328 /* iap1.jpg */,
				68942DC424ED83CA001DEE05 /* iap2.jpg */,
				681E897924EFF19100B20871 /* iap3.jpg */,
				6865850B2524DEA7000684C0 /* iap4.jpg */,
				6865850A2524DEA7000684C0 /* iap5.jpg */,
				6865850D2524DEA7000684C0 /* iap6.jpg */,
				6865850C2524DEA7000684C0 /* iap7.jpg */,
				6841302A2524E851008A6F25 /* iap9.jpg */,
				68A8E995252F3E51001ED954 /* iap10.jpg */,
				68A8E999252F40AD001ED954 /* iap11.jpg */,
				68A8E9C7252F7B34001ED954 /* iap12.jpg */,
			);
			path = "readme-assets";
			sourceTree = "<group>";
		};
		688FAA2124E304DC00BBF2B9 /* readme-assets */ = {
			isa = PBXGroup;
			children = (
				68427BB72530936800A7C328 /* iap1.jpg */,
				68427B9A253092B800A7C328 /* iap2.jpg */,
				68427B99253092B800A7C328 /* iap3.jpg */,
				68427B96253092B800A7C328 /* iap4.jpg */,
				68427B93253092B800A7C328 /* iap5.jpg */,
				68427B94253092B800A7C328 /* iap6.jpg */,
				68427B95253092B800A7C328 /* iap7.jpg */,
				68427B97253092B800A7C328 /* iap9.jpg */,
				68427B91253092B800A7C328 /* iap10.jpg */,
				68427B9B253092B800A7C328 /* iap11.jpg */,
				68427B92253092B800A7C328 /* iap12.jpg */,
			);
			path = "readme-assets";
			sourceTree = "<group>";
		};
		689F741F24B73FE60093F12C /* Cells */ = {
			isa = PBXGroup;
			children = (
				689F742224B7403E0093F12C /* ProductCell.swift */,
				689F742424B7404B0093F12C /* RestoreCell.swift */,
			);
			path = Cells;
			sourceTree = "<group>";
		};
		689F742724B744600093F12C /* Support */ = {
			isa = PBXGroup;
			children = (
				68E05E1724A262C300B6728D /* Assets.xcassets */,
				688774EF24A3BF36006840A8 /* ConfigurationRelease.storekit */,
				68E05E3E24A263B100B6728D /* Configuration.storekit */,
				68E05E0E24A262C200B6728D /* AppDelegate.swift */,
				68E05E1024A262C200B6728D /* SceneDelegate.swift */,
				68E05E1C24A262C300B6728D /* Info.plist */,
				68E05E1924A262C300B6728D /* LaunchScreen.storyboard */,
			);
			path = Support;
			sourceTree = "<group>";
		};
		68B079B924B7FB6300263EF6 /* ViewControllers */ = {
			isa = PBXGroup;
			children = (
				68E05E1224A262C200B6728D /* ViewController.swift */,
			);
			path = ViewControllers;
			sourceTree = "<group>";
		};
		68E05E0224A262C200B6728D = {
			isa = PBXGroup;
			children = (
				6811A5EE24A3D7DF00458F85 /* README.md */,
				688FAA2124E304DC00BBF2B9 /* readme-assets */,
				68E05E0D24A262C200B6728D /* IAPTestingDemo */,
				6805B77D24D3100900169F3F /* IAPHelper */,
				6805B78A24D3100A00169F3F /* IAPHelperTests */,
				68E05E0C24A262C200B6728D /* Products */,
				6845FC0A24A50830007FF7BA /* Frameworks */,
			);
			sourceTree = "<group>";
		};
		68E05E0C24A262C200B6728D /* Products */ = {
			isa = PBXGroup;
			children = (
				68E05E0B24A262C200B6728D /* IAPTestingDemo.app */,
				6805B77C24D3100900169F3F /* IAPHelper.framework */,
				6805B78424D3100A00169F3F /* IAPHelperTests.xctest */,
			);
			name = Products;
			sourceTree = "<group>";
		};
		68E05E0D24A262C200B6728D /* IAPTestingDemo */ = {
			isa = PBXGroup;
			children = (
				689F741F24B73FE60093F12C /* Cells */,
				689F742724B744600093F12C /* Support */,
				68B079B924B7FB6300263EF6 /* ViewControllers */,
			);
			path = IAPTestingDemo;
			sourceTree = "<group>";
		};
		68F6A95524D3302E00FC9637 /* openssl-lib */ = {
			isa = PBXGroup;
			children = (
				68F6A95724D3304E00FC9637 /* libcrypto.a */,
				68F6A95624D3304D00FC9637 /* libssl.a */,
			);
			path = "openssl-lib";
			sourceTree = "<group>";
		};
		68F6A95A24D3305F00FC9637 /* openssl-include */ = {
			isa = PBXGroup;
			children = (
				68F6A96524D3308800FC9637 /* aes.h */,
				68F6A9AF24D3308F00FC9637 /* asn1_locl.h */,
				68F6A97924D3308B00FC9637 /* asn1_mac.h */,
				68F6A97B24D3308B00FC9637 /* asn1.h */,
				68F6A9B124D3309000FC9637 /* asn1err.h */,
				68F6A9A424D3308E00FC9637 /* asn1t.h */,
				68F6A9C224D3309100FC9637 /* async.h */,
				68F6A98824D3308C00FC9637 /* asyncerr.h */,
				68F6A96824D3308900FC9637 /* bio.h */,
				68F6A98324D3308B00FC9637 /* bioerr.h */,
				68F6A98224D3308B00FC9637 /* blowfish.h */,
				68F6A9A024D3308E00FC9637 /* bn.h */,
				68F6A99224D3308D00FC9637 /* bnerr.h */,
				68F6A97424D3308A00FC9637 /* buffer.h */,
				68F6A99524D3308D00FC9637 /* buffererr.h */,
				68F6A9B924D3309100FC9637 /* camellia.h */,
				68F6A96724D3308900FC9637 /* cast.h */,
				68F6A9C024D3309100FC9637 /* cmac.h */,
				68F6A9C524D3309200FC9637 /* cms.h */,
				68F6A9B024D3309000FC9637 /* cmserr.h */,
				68F6A96F24D3308A00FC9637 /* comp.h */,
				68F6A9BF24D3309100FC9637 /* comperr.h */,
				68F6A9BB24D3309100FC9637 /* conf_api.h */,
				68F6A99A24D3308E00FC9637 /* conf.h */,
				68F6A96A24D3308900FC9637 /* conferr.h */,
				68F6A9AA24D3308F00FC9637 /* crypto.h */,
				68F6A9B824D3309000FC9637 /* cryptoerr.h */,
				68F6A99C24D3308E00FC9637 /* ct.h */,
				68F6A98E24D3308C00FC9637 /* cterr.h */,
				68F6A9A324D3308E00FC9637 /* des.h */,
				68F6A97F24D3308B00FC9637 /* dh.h */,
				68F6A97824D3308A00FC9637 /* dherr.h */,
				68F6A9BA24D3309100FC9637 /* dsa.h */,
				68F6A98124D3308B00FC9637 /* dsaerr.h */,
				68F6A9B324D3309000FC9637 /* dtls1.h */,
				68F6A9AE24D3308F00FC9637 /* e_os2.h */,
				68F6A95F24D3308800FC9637 /* ebcdic.h */,
				68F6A9B724D3309000FC9637 /* ec.h */,
				68F6A98B24D3308C00FC9637 /* ecdh.h */,
				68F6A9B224D3309000FC9637 /* ecdsa.h */,
				68F6A98C24D3308C00FC9637 /* ecerr.h */,
				68F6A98624D3308C00FC9637 /* engine.h */,
				68F6A97E24D3308B00FC9637 /* engineerr.h */,
				68F6A98A24D3308C00FC9637 /* err.h */,
				68F6A99F24D3308E00FC9637 /* evp.h */,
				68F6A9AB24D3308F00FC9637 /* evperr.h */,
				68F6A97D24D3308B00FC9637 /* hmac.h */,
				68F6A95B24D3308800FC9637 /* idea.h */,
				68F6A99424D3308D00FC9637 /* inttypes.h */,
				68F6A9BD24D3309100FC9637 /* kdf.h */,
				68F6A95E24D3308800FC9637 /* kdferr.h */,
				68F6A9AC24D3308F00FC9637 /* lhash.h */,
				68F6A95C24D3308800FC9637 /* md2.h */,
				68F6A97224D3308A00FC9637 /* md4.h */,
				68F6A9C424D3309200FC9637 /* md5.h */,
				68F6A96624D3308900FC9637 /* mdc2.h */,
				68F6A96324D3308800FC9637 /* modes.h */,
				68F6A9A624D3308F00FC9637 /* obj_mac.h */,
				68F6A9A824D3308F00FC9637 /* objects.h */,
				68F6A95D24D3308800FC9637 /* objectserr.h */,
				68F6A99E24D3308E00FC9637 /* ocsp.h */,
				68F6A96124D3308800FC9637 /* ocsperr.h */,
				68F6A96B24D3308900FC9637 /* opensslconf.h */,
				68F6A96C24D3308900FC9637 /* opensslv.h */,
				68F6A97C24D3308B00FC9637 /* ossl_typ.h */,
				68F6A99724D3308D00FC9637 /* pem.h */,
				68F6A9BC24D3309100FC9637 /* pem2.h */,
				68F6A99924D3308D00FC9637 /* pemerr.h */,
				68F6A98924D3308C00FC9637 /* pkcs7.h */,
				68F6A99024D3308D00FC9637 /* pkcs7err.h */,
				68F6A96424D3308800FC9637 /* pkcs12.h */,
				68F6A9A524D3308F00FC9637 /* pkcs12err.h */,
				68F6A98524D3308C00FC9637 /* rand_drbg.h */,
				68F6A9AD24D3308F00FC9637 /* rand.h */,
				68F6A97624D3308A00FC9637 /* randerr.h */,
				68F6A96924D3308900FC9637 /* rc2.h */,
				68F6A9A224D3308E00FC9637 /* rc4.h */,
				68F6A98024D3308B00FC9637 /* rc5.h */,
				68F6A98724D3308C00FC9637 /* ripemd.h */,
				68F6A99324D3308D00FC9637 /* rsa.h */,
				68F6A9BE24D3309100FC9637 /* rsaerr.h */,
				68F6A99624D3308D00FC9637 /* safestack.h */,
				68F6A98F24D3308D00FC9637 /* seed.h */,
				68F6A98424D3308C00FC9637 /* sha.h */,
				68F6A9B524D3309000FC9637 /* srp.h */,
				68F6A9B424D3309000FC9637 /* srtp.h */,
				68F6A97524D3308A00FC9637 /* ssl.h */,
				68F6A97024D3308A00FC9637 /* ssl2.h */,
				68F6A99B24D3308E00FC9637 /* ssl3.h */,
				68F6A96E24D3308900FC9637 /* sslerr.h */,
				68F6A98D24D3308C00FC9637 /* stack.h */,
				68F6A9B624D3309000FC9637 /* store.h */,
				68F6A9C324D3309200FC9637 /* storeerr.h */,
				68F6A97124D3308A00FC9637 /* symhacks.h */,
				68F6A97324D3308A00FC9637 /* tls1.h */,
				68F6A96224D3308800FC9637 /* ts.h */,
				68F6A96024D3308800FC9637 /* tserr.h */,
				68F6A99124D3308D00FC9637 /* txt_db.h */,
				68F6A96D24D3308900FC9637 /* ui.h */,
				68F6A9A124D3308E00FC9637 /* uierr.h */,
				68F6A9A924D3308F00FC9637 /* whrlpool.h */,
				68F6A99824D3308D00FC9637 /* x509_vfy.h */,
				68F6A97A24D3308B00FC9637 /* x509.h */,
				68F6A99D24D3308E00FC9637 /* x509err.h */,
				68F6A9A724D3308F00FC9637 /* x509v3.h */,
				68F6A9C124D3309100FC9637 /* x509v3err.h */,
			);
			path = "openssl-include";
			sourceTree = "<group>";
		};
/* End PBXGroup section */

/* Begin PBXHeadersBuildPhase section */
		6805B77724D3100900169F3F /* Headers */ = {
			isa = PBXHeadersBuildPhase;
			buildActionMask = 2147483647;
			files = (
				68F6AA0624D3309200FC9637 /* ssl3.h in Headers */,
				68F6A9EC24D3309200FC9637 /* dsaerr.h in Headers */,
				68F6A9FB24D3309200FC9637 /* pkcs7err.h in Headers */,
				68F6AA1A24D3309300FC9637 /* asn1_locl.h in Headers */,
				68F6AA1424D3309300FC9637 /* whrlpool.h in Headers */,
				68F6AA0724D3309200FC9637 /* ct.h in Headers */,
				68F6AA1E24D3309300FC9637 /* dtls1.h in Headers */,
				68F6AA0524D3309200FC9637 /* conf.h in Headers */,
				68F6A9F324D3309200FC9637 /* asyncerr.h in Headers */,
				68F6A9DE24D3309200FC9637 /* tls1.h in Headers */,
				68F6A9D524D3309200FC9637 /* conferr.h in Headers */,
				68F6AA0024D3309200FC9637 /* buffererr.h in Headers */,
				68F6A9DF24D3309200FC9637 /* buffer.h in Headers */,
				68F6AA2624D3309300FC9637 /* conf_api.h in Headers */,
				68F6A9D124D3309200FC9637 /* mdc2.h in Headers */,
				68F6AA1224D3309300FC9637 /* x509v3.h in Headers */,
				68F6AA2324D3309300FC9637 /* cryptoerr.h in Headers */,
				68F6AA2A24D3309300FC9637 /* comperr.h in Headers */,
				68F6A9D024D3309200FC9637 /* aes.h in Headers */,
				68F6AA0D24D3309300FC9637 /* rc4.h in Headers */,
				68F6A9D424D3309200FC9637 /* rc2.h in Headers */,
				68F6AA0124D3309200FC9637 /* safestack.h in Headers */,
				68F6A9D824D3309200FC9637 /* ui.h in Headers */,
				68F6A9CA24D3309200FC9637 /* ebcdic.h in Headers */,
				68F6A9E124D3309200FC9637 /* randerr.h in Headers */,
				68F6A9CF24D3309200FC9637 /* pkcs12.h in Headers */,
				68F6AA1824D3309300FC9637 /* rand.h in Headers */,
				68F6A9C724D3309200FC9637 /* md2.h in Headers */,
				68F6A9D224D3309200FC9637 /* cast.h in Headers */,
				68F6A9FE24D3309200FC9637 /* rsa.h in Headers */,
				68F6A9E624D3309200FC9637 /* asn1.h in Headers */,
				68F6A9F024D3309200FC9637 /* rand_drbg.h in Headers */,
				68F6AA0224D3309200FC9637 /* pem.h in Headers */,
				68F6AA2E24D3309300FC9637 /* storeerr.h in Headers */,
				68F6A9ED24D3309200FC9637 /* blowfish.h in Headers */,
				68F6A9E324D3309200FC9637 /* dherr.h in Headers */,
				68F6A9C924D3309200FC9637 /* kdferr.h in Headers */,
				68F6A9EE24D3309200FC9637 /* bioerr.h in Headers */,
				68F6A9CE24D3309200FC9637 /* modes.h in Headers */,
				68F6AA2B24D3309300FC9637 /* cmac.h in Headers */,
				68F6A9F924D3309200FC9637 /* cterr.h in Headers */,
				68F6AA2724D3309300FC9637 /* pem2.h in Headers */,
				68F6AA2C24D3309300FC9637 /* x509v3err.h in Headers */,
				68F6AA0B24D3309200FC9637 /* bn.h in Headers */,
				68F6AA0A24D3309200FC9637 /* evp.h in Headers */,
				68F6AA2F24D3309300FC9637 /* md5.h in Headers */,
				68F6A9F124D3309200FC9637 /* engine.h in Headers */,
				68F6A9DC24D3309200FC9637 /* symhacks.h in Headers */,
				68F6A9CD24D3309200FC9637 /* ts.h in Headers */,
				68F6A9EF24D3309200FC9637 /* sha.h in Headers */,
				68F6A9D324D3309200FC9637 /* bio.h in Headers */,
				68F6A9E524D3309200FC9637 /* x509.h in Headers */,
				68F6A9DD24D3309200FC9637 /* md4.h in Headers */,
				68F6A9E424D3309200FC9637 /* asn1_mac.h in Headers */,
				68F6AA1D24D3309300FC9637 /* ecdsa.h in Headers */,
				68F6A9DA24D3309200FC9637 /* comp.h in Headers */,
				68F6AA1324D3309300FC9637 /* objects.h in Headers */,
				68F6AA0424D3309200FC9637 /* pemerr.h in Headers */,
				68F6AA2524D3309300FC9637 /* dsa.h in Headers */,
				68F6A9EB24D3309200FC9637 /* rc5.h in Headers */,
				68F6AA0C24D3309200FC9637 /* uierr.h in Headers */,
				68F6AA2D24D3309300FC9637 /* async.h in Headers */,
				68F6A9EA24D3309200FC9637 /* dh.h in Headers */,
				68F6AA0324D3309200FC9637 /* x509_vfy.h in Headers */,
				68F6A9FC24D3309200FC9637 /* txt_db.h in Headers */,
				68F6AA1F24D3309300FC9637 /* srtp.h in Headers */,
				68F6A9C824D3309200FC9637 /* objectserr.h in Headers */,
				68F6AA2924D3309300FC9637 /* rsaerr.h in Headers */,
				68F6A9F824D3309200FC9637 /* stack.h in Headers */,
				68F6AA2224D3309300FC9637 /* ec.h in Headers */,
				68F6AA1724D3309300FC9637 /* lhash.h in Headers */,
				68F6A9D724D3309200FC9637 /* opensslv.h in Headers */,
				68F6AA0E24D3309300FC9637 /* des.h in Headers */,
				68F6AA2824D3309300FC9637 /* kdf.h in Headers */,
				68F6AA1924D3309300FC9637 /* e_os2.h in Headers */,
				68F6A9E824D3309200FC9637 /* hmac.h in Headers */,
				6805B78E24D3100A00169F3F /* IAPHelper.h in Headers */,
				68F6AA1C24D3309300FC9637 /* asn1err.h in Headers */,
				68F6AA1124D3309300FC9637 /* obj_mac.h in Headers */,
				68F6A9F524D3309200FC9637 /* err.h in Headers */,
				68F6AA2424D3309300FC9637 /* camellia.h in Headers */,
				68F6A9CC24D3309200FC9637 /* ocsperr.h in Headers */,
				68F6AA1B24D3309300FC9637 /* cmserr.h in Headers */,
				68F6A9E924D3309200FC9637 /* engineerr.h in Headers */,
				68F6AA0824D3309200FC9637 /* x509err.h in Headers */,
				68F6AA0924D3309200FC9637 /* ocsp.h in Headers */,
				68F6A9FF24D3309200FC9637 /* inttypes.h in Headers */,
				68F6A9C624D3309200FC9637 /* idea.h in Headers */,
				68F6AA1024D3309300FC9637 /* pkcs12err.h in Headers */,
				68F6A9D924D3309200FC9637 /* sslerr.h in Headers */,
				68F6A9F224D3309200FC9637 /* ripemd.h in Headers */,
				68F6A9F424D3309200FC9637 /* pkcs7.h in Headers */,
				68F6AA0F24D3309300FC9637 /* asn1t.h in Headers */,
				68F6A9F624D3309200FC9637 /* ecdh.h in Headers */,
				68F6A9CB24D3309200FC9637 /* tserr.h in Headers */,
				68F6AA1624D3309300FC9637 /* evperr.h in Headers */,
				68F6AA3024D3309300FC9637 /* cms.h in Headers */,
				68F6AA2024D3309300FC9637 /* srp.h in Headers */,
				68F6A9E024D3309200FC9637 /* ssl.h in Headers */,
				68F6A9D624D3309200FC9637 /* opensslconf.h in Headers */,
				68F6A9FA24D3309200FC9637 /* seed.h in Headers */,
				68F6AA2124D3309300FC9637 /* store.h in Headers */,
				68F6A9DB24D3309200FC9637 /* ssl2.h in Headers */,
				68F6A9F724D3309200FC9637 /* ecerr.h in Headers */,
				68F6A9FD24D3309200FC9637 /* bnerr.h in Headers */,
				68F6A9E724D3309200FC9637 /* ossl_typ.h in Headers */,
				68F6AA1524D3309300FC9637 /* crypto.h in Headers */,
			);
			runOnlyForDeploymentPostprocessing = 0;
		};
/* End PBXHeadersBuildPhase section */

/* Begin PBXNativeTarget section */
		6805B77B24D3100900169F3F /* IAPHelper */ = {
			isa = PBXNativeTarget;
			buildConfigurationList = 6805B79824D3100A00169F3F /* Build configuration list for PBXNativeTarget "IAPHelper" */;
			buildPhases = (
				6805B77724D3100900169F3F /* Headers */,
				6805B77824D3100900169F3F /* Sources */,
				6805B77924D3100900169F3F /* Frameworks */,
				6805B77A24D3100900169F3F /* Resources */,
			);
			buildRules = (
			);
			dependencies = (
			);
			name = IAPHelper;
			productName = IAPHelper;
			productReference = 6805B77C24D3100900169F3F /* IAPHelper.framework */;
			productType = "com.apple.product-type.framework";
		};
		6805B78324D3100A00169F3F /* IAPHelperTests */ = {
			isa = PBXNativeTarget;
			buildConfigurationList = 6805B79924D3100A00169F3F /* Build configuration list for PBXNativeTarget "IAPHelperTests" */;
			buildPhases = (
				6805B78024D3100A00169F3F /* Sources */,
				6805B78124D3100A00169F3F /* Frameworks */,
				6805B78224D3100A00169F3F /* Resources */,
			);
			buildRules = (
			);
			dependencies = (
				6805B78724D3100A00169F3F /* PBXTargetDependency */,
				6805B78924D3100A00169F3F /* PBXTargetDependency */,
			);
			name = IAPHelperTests;
			productName = IAPHelperTests;
			productReference = 6805B78424D3100A00169F3F /* IAPHelperTests.xctest */;
			productType = "com.apple.product-type.bundle.unit-test";
		};
		68E05E0A24A262C200B6728D /* IAPTestingDemo */ = {
			isa = PBXNativeTarget;
			buildConfigurationList = 68E05E3524A262C300B6728D /* Build configuration list for PBXNativeTarget "IAPTestingDemo" */;
			buildPhases = (
				68E05E0724A262C200B6728D /* Sources */,
				68E05E0824A262C200B6728D /* Frameworks */,
				68E05E0924A262C200B6728D /* Resources */,
				6805B79324D3100A00169F3F /* Embed Frameworks */,
			);
			buildRules = (
			);
			dependencies = (
				6805B79024D3100A00169F3F /* PBXTargetDependency */,
			);
			name = IAPTestingDemo;
			productName = IAPTestingDemo;
			productReference = 68E05E0B24A262C200B6728D /* IAPTestingDemo.app */;
			productType = "com.apple.product-type.application";
		};
/* End PBXNativeTarget section */

/* Begin PBXProject section */
		68E05E0324A262C200B6728D /* Project object */ = {
			isa = PBXProject;
			attributes = {
				LastSwiftUpdateCheck = 1200;
				LastUpgradeCheck = 1200;
				TargetAttributes = {
					6805B77B24D3100900169F3F = {
						CreatedOnToolsVersion = 12.0;
					};
					6805B78324D3100A00169F3F = {
						CreatedOnToolsVersion = 12.0;
						TestTargetID = 68E05E0A24A262C200B6728D;
					};
					68E05E0A24A262C200B6728D = {
						CreatedOnToolsVersion = 12.0;
					};
				};
			};
			buildConfigurationList = 68E05E0624A262C200B6728D /* Build configuration list for PBXProject "IAPTestingDemo" */;
			compatibilityVersion = "Xcode 9.3";
			developmentRegion = en;
			hasScannedForEncodings = 0;
			knownRegions = (
				en,
				Base,
			);
			mainGroup = 68E05E0224A262C200B6728D;
			productRefGroup = 68E05E0C24A262C200B6728D /* Products */;
			projectDirPath = "";
			projectRoot = "";
			targets = (
				68E05E0A24A262C200B6728D /* IAPTestingDemo */,
				6805B77B24D3100900169F3F /* IAPHelper */,
				6805B78324D3100A00169F3F /* IAPHelperTests */,
			);
		};
/* End PBXProject section */

/* Begin PBXResourcesBuildPhase section */
		6805B77A24D3100900169F3F /* Resources */ = {
			isa = PBXResourcesBuildPhase;
			buildActionMask = 2147483647;
			files = (
				6865850F2524DEA7000684C0 /* iap4.jpg in Resources */,
				68A8E9C8252F7B34001ED954 /* iap12.jpg in Resources */,
				6841302B2524E851008A6F25 /* iap9.jpg in Resources */,
				681E897A24EFF19100B20871 /* iap3.jpg in Resources */,
				686585112524DEA7000684C0 /* iap6.jpg in Resources */,
				6865850E2524DEA7000684C0 /* iap5.jpg in Resources */,
				686585102524DEA7000684C0 /* iap7.jpg in Resources */,
				68942DC524ED83CA001DEE05 /* iap2.jpg in Resources */,
				68A8E99A252F40AD001ED954 /* iap11.jpg in Resources */,
				68A8E996252F3E51001ED954 /* iap10.jpg in Resources */,
				68427BB82530936800A7C328 /* iap1.jpg in Resources */,
				68427BB42530935B00A7C328 /* iap1.jpg in Resources */,
			);
			runOnlyForDeploymentPostprocessing = 0;
		};
		6805B78224D3100A00169F3F /* Resources */ = {
			isa = PBXResourcesBuildPhase;
			buildActionMask = 2147483647;
			files = (
			);
			runOnlyForDeploymentPostprocessing = 0;
		};
		68E05E0924A262C200B6728D /* Resources */ = {
			isa = PBXResourcesBuildPhase;
			buildActionMask = 2147483647;
			files = (
				68E05E1B24A262C300B6728D /* LaunchScreen.storyboard in Resources */,
				68427B9F253092B800A7C328 /* iap6.jpg in Resources */,
				688774F024A3BF36006840A8 /* ConfigurationRelease.storekit in Resources */,
				68427BA4253092B800A7C328 /* iap3.jpg in Resources */,
				688774F224A3C090006840A8 /* AppleIncRootCertificate.cer in Resources */,
				68427BA0253092B800A7C328 /* iap7.jpg in Resources */,
				68427B9C253092B800A7C328 /* iap10.jpg in Resources */,
				68427BA6253092B800A7C328 /* iap11.jpg in Resources */,
				68427BA1253092B800A7C328 /* iap4.jpg in Resources */,
				688774EA24A3A26D006840A8 /* Configuration.storekit in Resources */,
				68427BA2253092B800A7C328 /* iap9.jpg in Resources */,
				68427B9E253092B800A7C328 /* iap5.jpg in Resources */,
				68E05E1824A262C300B6728D /* Assets.xcassets in Resources */,
				68E05E4024A2681800B6728D /* StoreKitTestCertificate.cer in Resources */,
				68427BA5253092B800A7C328 /* iap2.jpg in Resources */,
				68427B9D253092B800A7C328 /* iap12.jpg in Resources */,
			);
			runOnlyForDeploymentPostprocessing = 0;
		};
/* End PBXResourcesBuildPhase section */

/* Begin PBXSourcesBuildPhase section */
		6805B77824D3100900169F3F /* Sources */ = {
			isa = PBXSourcesBuildPhase;
			buildActionMask = 2147483647;
			files = (
				6805B7A624D3115100169F3F /* IAPConfiguration.swift in Sources */,
				6805B7A024D3115100169F3F /* IAPConfigurationModel.swift in Sources */,
				6805B79D24D3115100169F3F /* IAPHelper.swift in Sources */,
				6805B7AB24D3115100169F3F /* IAPReceipt.swift in Sources */,
				6805B7B024D3115100169F3F /* IAPHelper+IAPReceiptDelegate.swift in Sources */,
				6805B7AE24D3115100169F3F /* IAPNotification.swift in Sources */,
				6805B7A724D3115100169F3F /* IAPHelper+SKRequestDelegate.swift in Sources */,
				6805B79C24D3115100169F3F /* IAPPersistenceProtocol.swift in Sources */,
				6805B7A524D3115100169F3F /* IAPConstants.swift in Sources */,
				6805B79E24D3115100169F3F /* IAPPersistence.swift in Sources */,
				6805B7AF24D3115100169F3F /* IAPReceipt+ValidateSigning.swift in Sources */,
				6805B7A824D3115100169F3F /* IAPLog.swift in Sources */,
				6805B7A324D3115100169F3F /* IAPReceiptProductInfo.swift in Sources */,
				6805B79A24D3115100169F3F /* IAPReceiptDelegate.swift in Sources */,
				6805B7A124D3115100169F3F /* IAPHelper+AppStore.swift in Sources */,
				6805B7B124D3115100169F3F /* IAPReceiptError.swift in Sources */,
				6805B7AD24D3115100169F3F /* IAPReceipt+Read.swift in Sources */,
				6805B7AC24D3115100169F3F /* IAPReceipt+Load.swift in Sources */,
				6805B7A224D3115100169F3F /* IAPReceipt+Validate.swift in Sources */,
				6805B79B24D3115100169F3F /* IAPOpenSSL.swift in Sources */,
				6805B7AA24D3115100169F3F /* IAPHelper+SKPaymentTransactionObserver.swift in Sources */,
				6805B7A424D3115100169F3F /* IAPOpenSSLAttributeType.swift in Sources */,
				6805B7A924D3115100169F3F /* IAPHelper+SKProductsRequestDelegate.swift in Sources */,
			);
			runOnlyForDeploymentPostprocessing = 0;
		};
		6805B78024D3100A00169F3F /* Sources */ = {
			isa = PBXSourcesBuildPhase;
			buildActionMask = 2147483647;
			files = (
				6805B78C24D3100A00169F3F /* IAPHelperTests.swift in Sources */,
			);
			runOnlyForDeploymentPostprocessing = 0;
		};
		68E05E0724A262C200B6728D /* Sources */ = {
			isa = PBXSourcesBuildPhase;
			buildActionMask = 2147483647;
			files = (
				68E05E1324A262C200B6728D /* ViewController.swift in Sources */,
				68E05E0F24A262C200B6728D /* AppDelegate.swift in Sources */,
				689F742924B745D10093F12C /* IAPProductInfo.swift in Sources */,
				689F742324B7403E0093F12C /* ProductCell.swift in Sources */,
				689F742524B7404B0093F12C /* RestoreCell.swift in Sources */,
				68E05E1124A262C200B6728D /* SceneDelegate.swift in Sources */,
			);
			runOnlyForDeploymentPostprocessing = 0;
		};
/* End PBXSourcesBuildPhase section */

/* Begin PBXTargetDependency section */
		6805B78724D3100A00169F3F /* PBXTargetDependency */ = {
			isa = PBXTargetDependency;
			target = 6805B77B24D3100900169F3F /* IAPHelper */;
			targetProxy = 6805B78624D3100A00169F3F /* PBXContainerItemProxy */;
		};
		6805B78924D3100A00169F3F /* PBXTargetDependency */ = {
			isa = PBXTargetDependency;
			target = 68E05E0A24A262C200B6728D /* IAPTestingDemo */;
			targetProxy = 6805B78824D3100A00169F3F /* PBXContainerItemProxy */;
		};
		6805B79024D3100A00169F3F /* PBXTargetDependency */ = {
			isa = PBXTargetDependency;
			target = 6805B77B24D3100900169F3F /* IAPHelper */;
			targetProxy = 6805B78F24D3100A00169F3F /* PBXContainerItemProxy */;
		};
/* End PBXTargetDependency section */

/* Begin PBXVariantGroup section */
		68E05E1924A262C300B6728D /* LaunchScreen.storyboard */ = {
			isa = PBXVariantGroup;
			children = (
				68E05E1A24A262C300B6728D /* Base */,
			);
			name = LaunchScreen.storyboard;
			sourceTree = "<group>";
		};
/* End PBXVariantGroup section */

/* Begin XCBuildConfiguration section */
		6805B79424D3100A00169F3F /* Debug */ = {
			isa = XCBuildConfiguration;
			buildSettings = {
				CLANG_ALLOW_NON_MODULAR_INCLUDES_IN_FRAMEWORK_MODULES = NO;
				CODE_SIGN_STYLE = Automatic;
				CURRENT_PROJECT_VERSION = 1;
				DEFINES_MODULE = YES;
				DEVELOPMENT_TEAM = R6BE99W3FU;
				DYLIB_COMPATIBILITY_VERSION = 1;
				DYLIB_CURRENT_VERSION = 1;
				DYLIB_INSTALL_NAME_BASE = "@rpath";
				HEADER_SEARCH_PATHS = "$(PROJECT_DIR)/IAPHelper/openssl-include";
				INFOPLIST_FILE = IAPHelper/Info.plist;
				INSTALL_PATH = "$(LOCAL_LIBRARY_DIR)/Frameworks";
				LD_RUNPATH_SEARCH_PATHS = (
					"$(inherited)",
					"@executable_path/Frameworks",
					"@loader_path/Frameworks",
				);
				LIBRARY_SEARCH_PATHS = (
					"$(inherited)",
					"$(PROJECT_DIR)/IAPHelper/openssl-lib",
				);
				PRODUCT_BUNDLE_IDENTIFIER = com.rarcher.IAPHelper;
				PRODUCT_NAME = "$(TARGET_NAME:c99extidentifier)";
				SKIP_INSTALL = YES;
				SWIFT_OBJC_BRIDGING_HEADER = "";
				SWIFT_VERSION = 5.0;
				TARGETED_DEVICE_FAMILY = "1,2";
				VERSIONING_SYSTEM = "apple-generic";
				VERSION_INFO_PREFIX = "";
			};
			name = Debug;
		};
		6805B79524D3100A00169F3F /* Release */ = {
			isa = XCBuildConfiguration;
			buildSettings = {
				CLANG_ALLOW_NON_MODULAR_INCLUDES_IN_FRAMEWORK_MODULES = NO;
				CODE_SIGN_STYLE = Automatic;
				CURRENT_PROJECT_VERSION = 1;
				DEFINES_MODULE = YES;
				DEVELOPMENT_TEAM = R6BE99W3FU;
				DYLIB_COMPATIBILITY_VERSION = 1;
				DYLIB_CURRENT_VERSION = 1;
				DYLIB_INSTALL_NAME_BASE = "@rpath";
				HEADER_SEARCH_PATHS = "$(PROJECT_DIR)/IAPHelper/openssl-include";
				INFOPLIST_FILE = IAPHelper/Info.plist;
				INSTALL_PATH = "$(LOCAL_LIBRARY_DIR)/Frameworks";
				LD_RUNPATH_SEARCH_PATHS = (
					"$(inherited)",
					"@executable_path/Frameworks",
					"@loader_path/Frameworks",
				);
				LIBRARY_SEARCH_PATHS = (
					"$(inherited)",
					"$(PROJECT_DIR)/IAPHelper/openssl-lib",
				);
				PRODUCT_BUNDLE_IDENTIFIER = com.rarcher.IAPHelper;
				PRODUCT_NAME = "$(TARGET_NAME:c99extidentifier)";
				SKIP_INSTALL = YES;
				SWIFT_OBJC_BRIDGING_HEADER = "";
				SWIFT_VERSION = 5.0;
				TARGETED_DEVICE_FAMILY = "1,2";
				VERSIONING_SYSTEM = "apple-generic";
				VERSION_INFO_PREFIX = "";
			};
			name = Release;
		};
		6805B79624D3100A00169F3F /* Debug */ = {
			isa = XCBuildConfiguration;
			buildSettings = {
				ALWAYS_EMBED_SWIFT_STANDARD_LIBRARIES = YES;
				CODE_SIGN_STYLE = Automatic;
				DEVELOPMENT_TEAM = R6BE99W3FU;
				INFOPLIST_FILE = IAPHelperTests/Info.plist;
				LD_RUNPATH_SEARCH_PATHS = (
					"$(inherited)",
					"@executable_path/Frameworks",
					"@loader_path/Frameworks",
				);
				PRODUCT_BUNDLE_IDENTIFIER = com.rarcher.IAPHelperTests;
				PRODUCT_NAME = "$(TARGET_NAME)";
				SWIFT_VERSION = 5.0;
				TARGETED_DEVICE_FAMILY = "1,2";
				TEST_HOST = "$(BUILT_PRODUCTS_DIR)/IAPTestingDemo.app/IAPTestingDemo";
			};
			name = Debug;
		};
		6805B79724D3100A00169F3F /* Release */ = {
			isa = XCBuildConfiguration;
			buildSettings = {
				ALWAYS_EMBED_SWIFT_STANDARD_LIBRARIES = YES;
				CODE_SIGN_STYLE = Automatic;
				DEVELOPMENT_TEAM = R6BE99W3FU;
				INFOPLIST_FILE = IAPHelperTests/Info.plist;
				LD_RUNPATH_SEARCH_PATHS = (
					"$(inherited)",
					"@executable_path/Frameworks",
					"@loader_path/Frameworks",
				);
				PRODUCT_BUNDLE_IDENTIFIER = com.rarcher.IAPHelperTests;
				PRODUCT_NAME = "$(TARGET_NAME)";
				SWIFT_VERSION = 5.0;
				TARGETED_DEVICE_FAMILY = "1,2";
				TEST_HOST = "$(BUILT_PRODUCTS_DIR)/IAPTestingDemo.app/IAPTestingDemo";
			};
			name = Release;
		};
		68E05E3324A262C300B6728D /* Debug */ = {
			isa = XCBuildConfiguration;
			buildSettings = {
				ALWAYS_SEARCH_USER_PATHS = NO;
				CLANG_ANALYZER_NONNULL = YES;
				CLANG_ANALYZER_NUMBER_OBJECT_CONVERSION = YES_AGGRESSIVE;
				CLANG_CXX_LANGUAGE_STANDARD = "gnu++14";
				CLANG_CXX_LIBRARY = "libc++";
				CLANG_ENABLE_MODULES = YES;
				CLANG_ENABLE_OBJC_ARC = YES;
				CLANG_ENABLE_OBJC_WEAK = YES;
				CLANG_WARN_BLOCK_CAPTURE_AUTORELEASING = YES;
				CLANG_WARN_BOOL_CONVERSION = YES;
				CLANG_WARN_COMMA = YES;
				CLANG_WARN_CONSTANT_CONVERSION = YES;
				CLANG_WARN_DEPRECATED_OBJC_IMPLEMENTATIONS = YES;
				CLANG_WARN_DIRECT_OBJC_ISA_USAGE = YES_ERROR;
				CLANG_WARN_DOCUMENTATION_COMMENTS = YES;
				CLANG_WARN_EMPTY_BODY = YES;
				CLANG_WARN_ENUM_CONVERSION = YES;
				CLANG_WARN_INFINITE_RECURSION = YES;
				CLANG_WARN_INT_CONVERSION = YES;
				CLANG_WARN_NON_LITERAL_NULL_CONVERSION = YES;
				CLANG_WARN_OBJC_IMPLICIT_RETAIN_SELF = YES;
				CLANG_WARN_OBJC_LITERAL_CONVERSION = YES;
				CLANG_WARN_OBJC_ROOT_CLASS = YES_ERROR;
				CLANG_WARN_QUOTED_INCLUDE_IN_FRAMEWORK_HEADER = YES;
				CLANG_WARN_RANGE_LOOP_ANALYSIS = YES;
				CLANG_WARN_STRICT_PROTOTYPES = YES;
				CLANG_WARN_SUSPICIOUS_MOVE = YES;
				CLANG_WARN_UNGUARDED_AVAILABILITY = YES_AGGRESSIVE;
				CLANG_WARN_UNREACHABLE_CODE = YES;
				CLANG_WARN__DUPLICATE_METHOD_MATCH = YES;
				COPY_PHASE_STRIP = NO;
				DEBUG_INFORMATION_FORMAT = dwarf;
				ENABLE_STRICT_OBJC_MSGSEND = YES;
				ENABLE_TESTABILITY = YES;
				GCC_C_LANGUAGE_STANDARD = gnu11;
				GCC_DYNAMIC_NO_PIC = NO;
				GCC_NO_COMMON_BLOCKS = YES;
				GCC_OPTIMIZATION_LEVEL = 0;
				GCC_PREPROCESSOR_DEFINITIONS = (
					"DEBUG=1",
					"$(inherited)",
				);
				GCC_WARN_64_TO_32_BIT_CONVERSION = YES;
				GCC_WARN_ABOUT_RETURN_TYPE = YES_ERROR;
				GCC_WARN_UNDECLARED_SELECTOR = YES;
				GCC_WARN_UNINITIALIZED_AUTOS = YES_AGGRESSIVE;
				GCC_WARN_UNUSED_FUNCTION = YES;
				GCC_WARN_UNUSED_VARIABLE = YES;
				IPHONEOS_DEPLOYMENT_TARGET = 14.0;
				MTL_ENABLE_DEBUG_INFO = INCLUDE_SOURCE;
				MTL_FAST_MATH = YES;
				ONLY_ACTIVE_ARCH = YES;
				SDKROOT = iphoneos;
				SWIFT_ACTIVE_COMPILATION_CONDITIONS = DEBUG;
				SWIFT_OPTIMIZATION_LEVEL = "-Onone";
			};
			name = Debug;
		};
		68E05E3424A262C300B6728D /* Release */ = {
			isa = XCBuildConfiguration;
			buildSettings = {
				ALWAYS_SEARCH_USER_PATHS = NO;
				CLANG_ANALYZER_NONNULL = YES;
				CLANG_ANALYZER_NUMBER_OBJECT_CONVERSION = YES_AGGRESSIVE;
				CLANG_CXX_LANGUAGE_STANDARD = "gnu++14";
				CLANG_CXX_LIBRARY = "libc++";
				CLANG_ENABLE_MODULES = YES;
				CLANG_ENABLE_OBJC_ARC = YES;
				CLANG_ENABLE_OBJC_WEAK = YES;
				CLANG_WARN_BLOCK_CAPTURE_AUTORELEASING = YES;
				CLANG_WARN_BOOL_CONVERSION = YES;
				CLANG_WARN_COMMA = YES;
				CLANG_WARN_CONSTANT_CONVERSION = YES;
				CLANG_WARN_DEPRECATED_OBJC_IMPLEMENTATIONS = YES;
				CLANG_WARN_DIRECT_OBJC_ISA_USAGE = YES_ERROR;
				CLANG_WARN_DOCUMENTATION_COMMENTS = YES;
				CLANG_WARN_EMPTY_BODY = YES;
				CLANG_WARN_ENUM_CONVERSION = YES;
				CLANG_WARN_INFINITE_RECURSION = YES;
				CLANG_WARN_INT_CONVERSION = YES;
				CLANG_WARN_NON_LITERAL_NULL_CONVERSION = YES;
				CLANG_WARN_OBJC_IMPLICIT_RETAIN_SELF = YES;
				CLANG_WARN_OBJC_LITERAL_CONVERSION = YES;
				CLANG_WARN_OBJC_ROOT_CLASS = YES_ERROR;
				CLANG_WARN_QUOTED_INCLUDE_IN_FRAMEWORK_HEADER = YES;
				CLANG_WARN_RANGE_LOOP_ANALYSIS = YES;
				CLANG_WARN_STRICT_PROTOTYPES = YES;
				CLANG_WARN_SUSPICIOUS_MOVE = YES;
				CLANG_WARN_UNGUARDED_AVAILABILITY = YES_AGGRESSIVE;
				CLANG_WARN_UNREACHABLE_CODE = YES;
				CLANG_WARN__DUPLICATE_METHOD_MATCH = YES;
				COPY_PHASE_STRIP = NO;
				DEBUG_INFORMATION_FORMAT = "dwarf-with-dsym";
				ENABLE_NS_ASSERTIONS = NO;
				ENABLE_STRICT_OBJC_MSGSEND = YES;
				GCC_C_LANGUAGE_STANDARD = gnu11;
				GCC_NO_COMMON_BLOCKS = YES;
				GCC_WARN_64_TO_32_BIT_CONVERSION = YES;
				GCC_WARN_ABOUT_RETURN_TYPE = YES_ERROR;
				GCC_WARN_UNDECLARED_SELECTOR = YES;
				GCC_WARN_UNINITIALIZED_AUTOS = YES_AGGRESSIVE;
				GCC_WARN_UNUSED_FUNCTION = YES;
				GCC_WARN_UNUSED_VARIABLE = YES;
				IPHONEOS_DEPLOYMENT_TARGET = 14.0;
				MTL_ENABLE_DEBUG_INFO = NO;
				MTL_FAST_MATH = YES;
				SDKROOT = iphoneos;
				SWIFT_COMPILATION_MODE = wholemodule;
				SWIFT_OPTIMIZATION_LEVEL = "-O";
				VALIDATE_PRODUCT = YES;
			};
			name = Release;
		};
		68E05E3624A262C300B6728D /* Debug */ = {
			isa = XCBuildConfiguration;
			buildSettings = {
				ALWAYS_EMBED_SWIFT_STANDARD_LIBRARIES = YES;
				ASSETCATALOG_COMPILER_APPICON_NAME = AppIcon;
				ASSETCATALOG_COMPILER_GLOBAL_ACCENT_COLOR_NAME = AccentColor;
				CODE_SIGN_STYLE = Automatic;
				DEVELOPMENT_TEAM = R6BE99W3FU;
				HEADER_SEARCH_PATHS = "";
				INFOPLIST_FILE = IAPTestingDemo/Support/Info.plist;
				LD_RUNPATH_SEARCH_PATHS = (
					"$(inherited)",
					"@executable_path/Frameworks",
				);
				LIBRARY_SEARCH_PATHS = "";
				PRODUCT_BUNDLE_IDENTIFIER = com.rarcher.IAPTestingDemo;
				PRODUCT_NAME = "$(TARGET_NAME)";
				SWIFT_OBJC_BRIDGING_HEADER = "";
				SWIFT_VERSION = 5.0;
				TARGETED_DEVICE_FAMILY = "1,2";
			};
			name = Debug;
		};
		68E05E3724A262C300B6728D /* Release */ = {
			isa = XCBuildConfiguration;
			buildSettings = {
				ALWAYS_EMBED_SWIFT_STANDARD_LIBRARIES = YES;
				ASSETCATALOG_COMPILER_APPICON_NAME = AppIcon;
				ASSETCATALOG_COMPILER_GLOBAL_ACCENT_COLOR_NAME = AccentColor;
				CODE_SIGN_STYLE = Automatic;
				DEVELOPMENT_TEAM = R6BE99W3FU;
				HEADER_SEARCH_PATHS = "";
				INFOPLIST_FILE = IAPTestingDemo/Support/Info.plist;
				LD_RUNPATH_SEARCH_PATHS = (
					"$(inherited)",
					"@executable_path/Frameworks",
				);
				LIBRARY_SEARCH_PATHS = "";
				PRODUCT_BUNDLE_IDENTIFIER = com.rarcher.IAPTestingDemo;
				PRODUCT_NAME = "$(TARGET_NAME)";
				SWIFT_OBJC_BRIDGING_HEADER = "";
				SWIFT_VERSION = 5.0;
				TARGETED_DEVICE_FAMILY = "1,2";
			};
			name = Release;
		};
/* End XCBuildConfiguration section */

/* Begin XCConfigurationList section */
		6805B79824D3100A00169F3F /* Build configuration list for PBXNativeTarget "IAPHelper" */ = {
			isa = XCConfigurationList;
			buildConfigurations = (
				6805B79424D3100A00169F3F /* Debug */,
				6805B79524D3100A00169F3F /* Release */,
			);
			defaultConfigurationIsVisible = 0;
			defaultConfigurationName = Release;
		};
		6805B79924D3100A00169F3F /* Build configuration list for PBXNativeTarget "IAPHelperTests" */ = {
			isa = XCConfigurationList;
			buildConfigurations = (
				6805B79624D3100A00169F3F /* Debug */,
				6805B79724D3100A00169F3F /* Release */,
			);
			defaultConfigurationIsVisible = 0;
			defaultConfigurationName = Release;
		};
		68E05E0624A262C200B6728D /* Build configuration list for PBXProject "IAPTestingDemo" */ = {
			isa = XCConfigurationList;
			buildConfigurations = (
				68E05E3324A262C300B6728D /* Debug */,
				68E05E3424A262C300B6728D /* Release */,
			);
			defaultConfigurationIsVisible = 0;
			defaultConfigurationName = Release;
		};
		68E05E3524A262C300B6728D /* Build configuration list for PBXNativeTarget "IAPTestingDemo" */ = {
			isa = XCConfigurationList;
			buildConfigurations = (
				68E05E3624A262C300B6728D /* Debug */,
				68E05E3724A262C300B6728D /* Release */,
			);
			defaultConfigurationIsVisible = 0;
			defaultConfigurationName = Release;
		};
/* End XCConfigurationList section */
	};
	rootObject = 68E05E0324A262C200B6728D /* Project object */;
}
