// !$*UTF8*$!
{
	archiveVersion = 1;
	classes = {
	};
	objectVersion = 50;
	objects = {

/* Begin PBXBuildFile section */
		6845FC0224A4D1EE007FF7BA /* IAPPersistenceProtocol.swift in Sources */ = {isa = PBXBuildFile; fileRef = 6845FC0124A4D1EE007FF7BA /* IAPPersistenceProtocol.swift */; };
		6845FC0424A4F379007FF7BA /* IAPLog.swift in Sources */ = {isa = PBXBuildFile; fileRef = 6845FC0324A4F379007FF7BA /* IAPLog.swift */; };
		6845FC0624A4F503007FF7BA /* IAPConfigurationError.swift in Sources */ = {isa = PBXBuildFile; fileRef = 6845FC0524A4F503007FF7BA /* IAPConfigurationError.swift */; };
		6845FC0D24A50845007FF7BA /* libcrypto.a in Frameworks */ = {isa = PBXBuildFile; fileRef = 6845FC0B24A50831007FF7BA /* libcrypto.a */; };
		6845FC0E24A50853007FF7BA /* libssl.a in Frameworks */ = {isa = PBXBuildFile; fileRef = 6845FC0C24A50831007FF7BA /* libssl.a */; };
		688774E924A39F41006840A8 /* IAPError.swift in Sources */ = {isa = PBXBuildFile; fileRef = 688774E824A39F41006840A8 /* IAPError.swift */; };
		688774EA24A3A26D006840A8 /* Configuration.storekit in Resources */ = {isa = PBXBuildFile; fileRef = 68E05E3E24A263B100B6728D /* Configuration.storekit */; };
		688774EC24A3A2C3006840A8 /* IAPConfiguration.swift in Sources */ = {isa = PBXBuildFile; fileRef = 688774EB24A3A2C3006840A8 /* IAPConfiguration.swift */; };
		688774EE24A3BC98006840A8 /* IAPConstants.swift in Sources */ = {isa = PBXBuildFile; fileRef = 688774ED24A3BC98006840A8 /* IAPConstants.swift */; };
		688774F024A3BF36006840A8 /* ConfigurationRelease.storekit in Resources */ = {isa = PBXBuildFile; fileRef = 688774EF24A3BF36006840A8 /* ConfigurationRelease.storekit */; };
		688774F224A3C090006840A8 /* AppleIncRootCertificate.cer in Resources */ = {isa = PBXBuildFile; fileRef = 688774F124A3C080006840A8 /* AppleIncRootCertificate.cer */; };
		68A4653524A428A5002142D4 /* IAPConfigurationModel.swift in Sources */ = {isa = PBXBuildFile; fileRef = 68A4653424A428A5002142D4 /* IAPConfigurationModel.swift */; };
		68A4653724A428FC002142D4 /* IAPPersistence.swift in Sources */ = {isa = PBXBuildFile; fileRef = 68A4653624A428FC002142D4 /* IAPPersistence.swift */; };
		68A4653924A429DB002142D4 /* IAPReceipt.swift in Sources */ = {isa = PBXBuildFile; fileRef = 68A4653824A429DB002142D4 /* IAPReceipt.swift */; };
		68A4653B24A42A7F002142D4 /* IAPOpenSSL.swift in Sources */ = {isa = PBXBuildFile; fileRef = 68A4653A24A42A7F002142D4 /* IAPOpenSSL.swift */; };
		68A4653D24A42AA9002142D4 /* IAPReceiptValidator.swift in Sources */ = {isa = PBXBuildFile; fileRef = 68A4653C24A42AA9002142D4 /* IAPReceiptValidator.swift */; };
		68E05E0F24A262C200B6728D /* AppDelegate.swift in Sources */ = {isa = PBXBuildFile; fileRef = 68E05E0E24A262C200B6728D /* AppDelegate.swift */; };
		68E05E1124A262C200B6728D /* SceneDelegate.swift in Sources */ = {isa = PBXBuildFile; fileRef = 68E05E1024A262C200B6728D /* SceneDelegate.swift */; };
		68E05E1324A262C200B6728D /* ViewController.swift in Sources */ = {isa = PBXBuildFile; fileRef = 68E05E1224A262C200B6728D /* ViewController.swift */; };
		68E05E1624A262C200B6728D /* Main.storyboard in Resources */ = {isa = PBXBuildFile; fileRef = 68E05E1424A262C200B6728D /* Main.storyboard */; };
		68E05E1824A262C300B6728D /* Assets.xcassets in Resources */ = {isa = PBXBuildFile; fileRef = 68E05E1724A262C300B6728D /* Assets.xcassets */; };
		68E05E1B24A262C300B6728D /* LaunchScreen.storyboard in Resources */ = {isa = PBXBuildFile; fileRef = 68E05E1924A262C300B6728D /* LaunchScreen.storyboard */; };
		68E05E4024A2681800B6728D /* StoreKitTestCertificate.cer in Resources */ = {isa = PBXBuildFile; fileRef = 68E05E3F24A2681800B6728D /* StoreKitTestCertificate.cer */; };
		68E05E4424A269CD00B6728D /* IAPHelper.swift in Sources */ = {isa = PBXBuildFile; fileRef = 68E05E4124A269CD00B6728D /* IAPHelper.swift */; };
		68E05E4524A269CD00B6728D /* IAPNotification.swift in Sources */ = {isa = PBXBuildFile; fileRef = 68E05E4224A269CD00B6728D /* IAPNotification.swift */; };
/* End PBXBuildFile section */

/* Begin PBXFileReference section */
		6811A5EE24A3D7DF00458F85 /* README.md */ = {isa = PBXFileReference; lastKnownFileType = net.daringfireball.markdown; path = README.md; sourceTree = "<group>"; };
		6845FC0124A4D1EE007FF7BA /* IAPPersistenceProtocol.swift */ = {isa = PBXFileReference; lastKnownFileType = sourcecode.swift; path = IAPPersistenceProtocol.swift; sourceTree = "<group>"; };
		6845FC0324A4F379007FF7BA /* IAPLog.swift */ = {isa = PBXFileReference; lastKnownFileType = sourcecode.swift; path = IAPLog.swift; sourceTree = "<group>"; };
		6845FC0524A4F503007FF7BA /* IAPConfigurationError.swift */ = {isa = PBXFileReference; lastKnownFileType = sourcecode.swift; path = IAPConfigurationError.swift; sourceTree = "<group>"; };
		6845FC0724A505DB007FF7BA /* IAPTestingDemo-Bridging-Header.h */ = {isa = PBXFileReference; lastKnownFileType = sourcecode.c.h; path = "IAPTestingDemo-Bridging-Header.h"; sourceTree = "<group>"; };
		6845FC0824A50610007FF7BA /* openssl */ = {isa = PBXFileReference; lastKnownFileType = folder; path = openssl; sourceTree = "<group>"; };
		6845FC0B24A50831007FF7BA /* libcrypto.a */ = {isa = PBXFileReference; lastKnownFileType = archive.ar; name = libcrypto.a; path = IAPTestingDemo/openssl/lib/libcrypto.a; sourceTree = "<group>"; };
		6845FC0C24A50831007FF7BA /* libssl.a */ = {isa = PBXFileReference; lastKnownFileType = archive.ar; name = libssl.a; path = IAPTestingDemo/openssl/lib/libssl.a; sourceTree = "<group>"; };
		688774E824A39F41006840A8 /* IAPError.swift */ = {isa = PBXFileReference; lastKnownFileType = sourcecode.swift; path = IAPError.swift; sourceTree = "<group>"; };
		688774EB24A3A2C3006840A8 /* IAPConfiguration.swift */ = {isa = PBXFileReference; lastKnownFileType = sourcecode.swift; path = IAPConfiguration.swift; sourceTree = "<group>"; };
		688774ED24A3BC98006840A8 /* IAPConstants.swift */ = {isa = PBXFileReference; lastKnownFileType = sourcecode.swift; path = IAPConstants.swift; sourceTree = "<group>"; };
		688774EF24A3BF36006840A8 /* ConfigurationRelease.storekit */ = {isa = PBXFileReference; lastKnownFileType = text; path = ConfigurationRelease.storekit; sourceTree = "<group>"; };
		688774F124A3C080006840A8 /* AppleIncRootCertificate.cer */ = {isa = PBXFileReference; lastKnownFileType = file; path = AppleIncRootCertificate.cer; sourceTree = "<group>"; };
		68A4653424A428A5002142D4 /* IAPConfigurationModel.swift */ = {isa = PBXFileReference; lastKnownFileType = sourcecode.swift; path = IAPConfigurationModel.swift; sourceTree = "<group>"; };
		68A4653624A428FC002142D4 /* IAPPersistence.swift */ = {isa = PBXFileReference; lastKnownFileType = sourcecode.swift; path = IAPPersistence.swift; sourceTree = "<group>"; };
		68A4653824A429DB002142D4 /* IAPReceipt.swift */ = {isa = PBXFileReference; lastKnownFileType = sourcecode.swift; path = IAPReceipt.swift; sourceTree = "<group>"; };
		68A4653A24A42A7F002142D4 /* IAPOpenSSL.swift */ = {isa = PBXFileReference; lastKnownFileType = sourcecode.swift; path = IAPOpenSSL.swift; sourceTree = "<group>"; };
		68A4653C24A42AA9002142D4 /* IAPReceiptValidator.swift */ = {isa = PBXFileReference; lastKnownFileType = sourcecode.swift; path = IAPReceiptValidator.swift; sourceTree = "<group>"; };
		68E05E0B24A262C200B6728D /* IAPTestingDemo.app */ = {isa = PBXFileReference; explicitFileType = wrapper.application; includeInIndex = 0; path = IAPTestingDemo.app; sourceTree = BUILT_PRODUCTS_DIR; };
		68E05E0E24A262C200B6728D /* AppDelegate.swift */ = {isa = PBXFileReference; lastKnownFileType = sourcecode.swift; path = AppDelegate.swift; sourceTree = "<group>"; };
		68E05E1024A262C200B6728D /* SceneDelegate.swift */ = {isa = PBXFileReference; lastKnownFileType = sourcecode.swift; path = SceneDelegate.swift; sourceTree = "<group>"; };
		68E05E1224A262C200B6728D /* ViewController.swift */ = {isa = PBXFileReference; lastKnownFileType = sourcecode.swift; path = ViewController.swift; sourceTree = "<group>"; };
		68E05E1524A262C200B6728D /* Base */ = {isa = PBXFileReference; lastKnownFileType = file.storyboard; name = Base; path = Base.lproj/Main.storyboard; sourceTree = "<group>"; };
		68E05E1724A262C300B6728D /* Assets.xcassets */ = {isa = PBXFileReference; lastKnownFileType = folder.assetcatalog; path = Assets.xcassets; sourceTree = "<group>"; };
		68E05E1A24A262C300B6728D /* Base */ = {isa = PBXFileReference; lastKnownFileType = file.storyboard; name = Base; path = Base.lproj/LaunchScreen.storyboard; sourceTree = "<group>"; };
		68E05E1C24A262C300B6728D /* Info.plist */ = {isa = PBXFileReference; lastKnownFileType = text.plist.xml; path = Info.plist; sourceTree = "<group>"; };
		68E05E3E24A263B100B6728D /* Configuration.storekit */ = {isa = PBXFileReference; lastKnownFileType = text; path = Configuration.storekit; sourceTree = "<group>"; };
		68E05E3F24A2681800B6728D /* StoreKitTestCertificate.cer */ = {isa = PBXFileReference; lastKnownFileType = file; path = StoreKitTestCertificate.cer; sourceTree = "<group>"; };
		68E05E4124A269CD00B6728D /* IAPHelper.swift */ = {isa = PBXFileReference; fileEncoding = 4; lastKnownFileType = sourcecode.swift; path = IAPHelper.swift; sourceTree = "<group>"; };
		68E05E4224A269CD00B6728D /* IAPNotification.swift */ = {isa = PBXFileReference; fileEncoding = 4; lastKnownFileType = sourcecode.swift; path = IAPNotification.swift; sourceTree = "<group>"; };
/* End PBXFileReference section */

/* Begin PBXFrameworksBuildPhase section */
		68E05E0824A262C200B6728D /* Frameworks */ = {
			isa = PBXFrameworksBuildPhase;
			buildActionMask = 2147483647;
			files = (
				6845FC0E24A50853007FF7BA /* libssl.a in Frameworks */,
				6845FC0D24A50845007FF7BA /* libcrypto.a in Frameworks */,
			);
			runOnlyForDeploymentPostprocessing = 0;
		};
/* End PBXFrameworksBuildPhase section */

/* Begin PBXGroup section */
		6845FC0A24A50830007FF7BA /* Frameworks */ = {
			isa = PBXGroup;
			children = (
				6845FC0B24A50831007FF7BA /* libcrypto.a */,
				6845FC0C24A50831007FF7BA /* libssl.a */,
			);
			name = Frameworks;
			sourceTree = "<group>";
		};
		68A4653E24A42AD4002142D4 /* IAP */ = {
			isa = PBXGroup;
			children = (
				688774F124A3C080006840A8 /* AppleIncRootCertificate.cer */,
				68E05E3F24A2681800B6728D /* StoreKitTestCertificate.cer */,
				6845FC0724A505DB007FF7BA /* IAPTestingDemo-Bridging-Header.h */,
				688774EB24A3A2C3006840A8 /* IAPConfiguration.swift */,
				6845FC0524A4F503007FF7BA /* IAPConfigurationError.swift */,
				68A4653424A428A5002142D4 /* IAPConfigurationModel.swift */,
				688774ED24A3BC98006840A8 /* IAPConstants.swift */,
				688774E824A39F41006840A8 /* IAPError.swift */,
				68E05E4124A269CD00B6728D /* IAPHelper.swift */,
				6845FC0324A4F379007FF7BA /* IAPLog.swift */,
				68E05E4224A269CD00B6728D /* IAPNotification.swift */,
				68A4653A24A42A7F002142D4 /* IAPOpenSSL.swift */,
				68A4653624A428FC002142D4 /* IAPPersistence.swift */,
				6845FC0124A4D1EE007FF7BA /* IAPPersistenceProtocol.swift */,
				68A4653824A429DB002142D4 /* IAPReceipt.swift */,
				68A4653C24A42AA9002142D4 /* IAPReceiptValidator.swift */,
			);
			path = IAP;
			sourceTree = "<group>";
		};
		68E05E0224A262C200B6728D = {
			isa = PBXGroup;
			children = (
				6811A5EE24A3D7DF00458F85 /* README.md */,
				68E05E0D24A262C200B6728D /* IAPTestingDemo */,
				68E05E0C24A262C200B6728D /* Products */,
				6845FC0A24A50830007FF7BA /* Frameworks */,
			);
			sourceTree = "<group>";
		};
		68E05E0C24A262C200B6728D /* Products */ = {
			isa = PBXGroup;
			children = (
				68E05E0B24A262C200B6728D /* IAPTestingDemo.app */,
			);
			name = Products;
			sourceTree = "<group>";
		};
		68E05E0D24A262C200B6728D /* IAPTestingDemo */ = {
			isa = PBXGroup;
			children = (
				6845FC0824A50610007FF7BA /* openssl */,
				68A4653E24A42AD4002142D4 /* IAP */,
				68E05E0E24A262C200B6728D /* AppDelegate.swift */,
				68E05E1724A262C300B6728D /* Assets.xcassets */,
				68E05E3E24A263B100B6728D /* Configuration.storekit */,
				688774EF24A3BF36006840A8 /* ConfigurationRelease.storekit */,
				68E05E1C24A262C300B6728D /* Info.plist */,
				68E05E1924A262C300B6728D /* LaunchScreen.storyboard */,
				68E05E1424A262C200B6728D /* Main.storyboard */,
				68E05E1024A262C200B6728D /* SceneDelegate.swift */,
				68E05E1224A262C200B6728D /* ViewController.swift */,
			);
			path = IAPTestingDemo;
			sourceTree = "<group>";
		};
/* End PBXGroup section */

/* Begin PBXNativeTarget section */
		68E05E0A24A262C200B6728D /* IAPTestingDemo */ = {
			isa = PBXNativeTarget;
			buildConfigurationList = 68E05E3524A262C300B6728D /* Build configuration list for PBXNativeTarget "IAPTestingDemo" */;
			buildPhases = (
				68E05E0724A262C200B6728D /* Sources */,
				68E05E0824A262C200B6728D /* Frameworks */,
				68E05E0924A262C200B6728D /* Resources */,
			);
			buildRules = (
			);
			dependencies = (
			);
			name = IAPTestingDemo;
			productName = IAPTestingDemo;
			productReference = 68E05E0B24A262C200B6728D /* IAPTestingDemo.app */;
			productType = "com.apple.product-type.application";
		};
/* End PBXNativeTarget section */

/* Begin PBXProject section */
		68E05E0324A262C200B6728D /* Project object */ = {
			isa = PBXProject;
			attributes = {
				LastSwiftUpdateCheck = 1200;
				LastUpgradeCheck = 1200;
				TargetAttributes = {
					68E05E0A24A262C200B6728D = {
						CreatedOnToolsVersion = 12.0;
					};
				};
			};
			buildConfigurationList = 68E05E0624A262C200B6728D /* Build configuration list for PBXProject "IAPTestingDemo" */;
			compatibilityVersion = "Xcode 9.3";
			developmentRegion = en;
			hasScannedForEncodings = 0;
			knownRegions = (
				en,
				Base,
			);
			mainGroup = 68E05E0224A262C200B6728D;
			productRefGroup = 68E05E0C24A262C200B6728D /* Products */;
			projectDirPath = "";
			projectRoot = "";
			targets = (
				68E05E0A24A262C200B6728D /* IAPTestingDemo */,
			);
		};
/* End PBXProject section */

/* Begin PBXResourcesBuildPhase section */
		68E05E0924A262C200B6728D /* Resources */ = {
			isa = PBXResourcesBuildPhase;
			buildActionMask = 2147483647;
			files = (
				68E05E1B24A262C300B6728D /* LaunchScreen.storyboard in Resources */,
				688774F024A3BF36006840A8 /* ConfigurationRelease.storekit in Resources */,
				688774F224A3C090006840A8 /* AppleIncRootCertificate.cer in Resources */,
				688774EA24A3A26D006840A8 /* Configuration.storekit in Resources */,
				68E05E1824A262C300B6728D /* Assets.xcassets in Resources */,
				68E05E1624A262C200B6728D /* Main.storyboard in Resources */,
				68E05E4024A2681800B6728D /* StoreKitTestCertificate.cer in Resources */,
			);
			runOnlyForDeploymentPostprocessing = 0;
		};
/* End PBXResourcesBuildPhase section */

/* Begin PBXSourcesBuildPhase section */
		68E05E0724A262C200B6728D /* Sources */ = {
			isa = PBXSourcesBuildPhase;
			buildActionMask = 2147483647;
			files = (
				68E05E4524A269CD00B6728D /* IAPNotification.swift in Sources */,
				68A4653D24A42AA9002142D4 /* IAPReceiptValidator.swift in Sources */,
				6845FC0624A4F503007FF7BA /* IAPConfigurationError.swift in Sources */,
				68E05E4424A269CD00B6728D /* IAPHelper.swift in Sources */,
				68A4653724A428FC002142D4 /* IAPPersistence.swift in Sources */,
				68E05E1324A262C200B6728D /* ViewController.swift in Sources */,
				688774EC24A3A2C3006840A8 /* IAPConfiguration.swift in Sources */,
				68A4653B24A42A7F002142D4 /* IAPOpenSSL.swift in Sources */,
				68A4653924A429DB002142D4 /* IAPReceipt.swift in Sources */,
				6845FC0424A4F379007FF7BA /* IAPLog.swift in Sources */,
				68A4653524A428A5002142D4 /* IAPConfigurationModel.swift in Sources */,
				68E05E0F24A262C200B6728D /* AppDelegate.swift in Sources */,
				688774EE24A3BC98006840A8 /* IAPConstants.swift in Sources */,
				688774E924A39F41006840A8 /* IAPError.swift in Sources */,
				6845FC0224A4D1EE007FF7BA /* IAPPersistenceProtocol.swift in Sources */,
				68E05E1124A262C200B6728D /* SceneDelegate.swift in Sources */,
			);
			runOnlyForDeploymentPostprocessing = 0;
		};
/* End PBXSourcesBuildPhase section */

/* Begin PBXVariantGroup section */
		68E05E1424A262C200B6728D /* Main.storyboard */ = {
			isa = PBXVariantGroup;
			children = (
				68E05E1524A262C200B6728D /* Base */,
			);
			name = Main.storyboard;
			sourceTree = "<group>";
		};
		68E05E1924A262C300B6728D /* LaunchScreen.storyboard */ = {
			isa = PBXVariantGroup;
			children = (
				68E05E1A24A262C300B6728D /* Base */,
			);
			name = LaunchScreen.storyboard;
			sourceTree = "<group>";
		};
/* End PBXVariantGroup section */

/* Begin XCBuildConfiguration section */
		68E05E3324A262C300B6728D /* Debug */ = {
			isa = XCBuildConfiguration;
			buildSettings = {
				ALWAYS_SEARCH_USER_PATHS = NO;
				CLANG_ANALYZER_NONNULL = YES;
				CLANG_ANALYZER_NUMBER_OBJECT_CONVERSION = YES_AGGRESSIVE;
				CLANG_CXX_LANGUAGE_STANDARD = "gnu++14";
				CLANG_CXX_LIBRARY = "libc++";
				CLANG_ENABLE_MODULES = YES;
				CLANG_ENABLE_OBJC_ARC = YES;
				CLANG_ENABLE_OBJC_WEAK = YES;
				CLANG_WARN_BLOCK_CAPTURE_AUTORELEASING = YES;
				CLANG_WARN_BOOL_CONVERSION = YES;
				CLANG_WARN_COMMA = YES;
				CLANG_WARN_CONSTANT_CONVERSION = YES;
				CLANG_WARN_DEPRECATED_OBJC_IMPLEMENTATIONS = YES;
				CLANG_WARN_DIRECT_OBJC_ISA_USAGE = YES_ERROR;
				CLANG_WARN_DOCUMENTATION_COMMENTS = YES;
				CLANG_WARN_EMPTY_BODY = YES;
				CLANG_WARN_ENUM_CONVERSION = YES;
				CLANG_WARN_INFINITE_RECURSION = YES;
				CLANG_WARN_INT_CONVERSION = YES;
				CLANG_WARN_NON_LITERAL_NULL_CONVERSION = YES;
				CLANG_WARN_OBJC_IMPLICIT_RETAIN_SELF = YES;
				CLANG_WARN_OBJC_LITERAL_CONVERSION = YES;
				CLANG_WARN_OBJC_ROOT_CLASS = YES_ERROR;
				CLANG_WARN_QUOTED_INCLUDE_IN_FRAMEWORK_HEADER = YES;
				CLANG_WARN_RANGE_LOOP_ANALYSIS = YES;
				CLANG_WARN_STRICT_PROTOTYPES = YES;
				CLANG_WARN_SUSPICIOUS_MOVE = YES;
				CLANG_WARN_UNGUARDED_AVAILABILITY = YES_AGGRESSIVE;
				CLANG_WARN_UNREACHABLE_CODE = YES;
				CLANG_WARN__DUPLICATE_METHOD_MATCH = YES;
				COPY_PHASE_STRIP = NO;
				DEBUG_INFORMATION_FORMAT = dwarf;
				ENABLE_STRICT_OBJC_MSGSEND = YES;
				ENABLE_TESTABILITY = YES;
				GCC_C_LANGUAGE_STANDARD = gnu11;
				GCC_DYNAMIC_NO_PIC = NO;
				GCC_NO_COMMON_BLOCKS = YES;
				GCC_OPTIMIZATION_LEVEL = 0;
				GCC_PREPROCESSOR_DEFINITIONS = (
					"DEBUG=1",
					"$(inherited)",
				);
				GCC_WARN_64_TO_32_BIT_CONVERSION = YES;
				GCC_WARN_ABOUT_RETURN_TYPE = YES_ERROR;
				GCC_WARN_UNDECLARED_SELECTOR = YES;
				GCC_WARN_UNINITIALIZED_AUTOS = YES_AGGRESSIVE;
				GCC_WARN_UNUSED_FUNCTION = YES;
				GCC_WARN_UNUSED_VARIABLE = YES;
				IPHONEOS_DEPLOYMENT_TARGET = 14.0;
				MTL_ENABLE_DEBUG_INFO = INCLUDE_SOURCE;
				MTL_FAST_MATH = YES;
				ONLY_ACTIVE_ARCH = YES;
				SDKROOT = iphoneos;
				SWIFT_ACTIVE_COMPILATION_CONDITIONS = DEBUG;
				SWIFT_OPTIMIZATION_LEVEL = "-Onone";
			};
			name = Debug;
		};
		68E05E3424A262C300B6728D /* Release */ = {
			isa = XCBuildConfiguration;
			buildSettings = {
				ALWAYS_SEARCH_USER_PATHS = NO;
				CLANG_ANALYZER_NONNULL = YES;
				CLANG_ANALYZER_NUMBER_OBJECT_CONVERSION = YES_AGGRESSIVE;
				CLANG_CXX_LANGUAGE_STANDARD = "gnu++14";
				CLANG_CXX_LIBRARY = "libc++";
				CLANG_ENABLE_MODULES = YES;
				CLANG_ENABLE_OBJC_ARC = YES;
				CLANG_ENABLE_OBJC_WEAK = YES;
				CLANG_WARN_BLOCK_CAPTURE_AUTORELEASING = YES;
				CLANG_WARN_BOOL_CONVERSION = YES;
				CLANG_WARN_COMMA = YES;
				CLANG_WARN_CONSTANT_CONVERSION = YES;
				CLANG_WARN_DEPRECATED_OBJC_IMPLEMENTATIONS = YES;
				CLANG_WARN_DIRECT_OBJC_ISA_USAGE = YES_ERROR;
				CLANG_WARN_DOCUMENTATION_COMMENTS = YES;
				CLANG_WARN_EMPTY_BODY = YES;
				CLANG_WARN_ENUM_CONVERSION = YES;
				CLANG_WARN_INFINITE_RECURSION = YES;
				CLANG_WARN_INT_CONVERSION = YES;
				CLANG_WARN_NON_LITERAL_NULL_CONVERSION = YES;
				CLANG_WARN_OBJC_IMPLICIT_RETAIN_SELF = YES;
				CLANG_WARN_OBJC_LITERAL_CONVERSION = YES;
				CLANG_WARN_OBJC_ROOT_CLASS = YES_ERROR;
				CLANG_WARN_QUOTED_INCLUDE_IN_FRAMEWORK_HEADER = YES;
				CLANG_WARN_RANGE_LOOP_ANALYSIS = YES;
				CLANG_WARN_STRICT_PROTOTYPES = YES;
				CLANG_WARN_SUSPICIOUS_MOVE = YES;
				CLANG_WARN_UNGUARDED_AVAILABILITY = YES_AGGRESSIVE;
				CLANG_WARN_UNREACHABLE_CODE = YES;
				CLANG_WARN__DUPLICATE_METHOD_MATCH = YES;
				COPY_PHASE_STRIP = NO;
				DEBUG_INFORMATION_FORMAT = "dwarf-with-dsym";
				ENABLE_NS_ASSERTIONS = NO;
				ENABLE_STRICT_OBJC_MSGSEND = YES;
				GCC_C_LANGUAGE_STANDARD = gnu11;
				GCC_NO_COMMON_BLOCKS = YES;
				GCC_WARN_64_TO_32_BIT_CONVERSION = YES;
				GCC_WARN_ABOUT_RETURN_TYPE = YES_ERROR;
				GCC_WARN_UNDECLARED_SELECTOR = YES;
				GCC_WARN_UNINITIALIZED_AUTOS = YES_AGGRESSIVE;
				GCC_WARN_UNUSED_FUNCTION = YES;
				GCC_WARN_UNUSED_VARIABLE = YES;
				IPHONEOS_DEPLOYMENT_TARGET = 14.0;
				MTL_ENABLE_DEBUG_INFO = NO;
				MTL_FAST_MATH = YES;
				SDKROOT = iphoneos;
				SWIFT_COMPILATION_MODE = wholemodule;
				SWIFT_OPTIMIZATION_LEVEL = "-O";
				VALIDATE_PRODUCT = YES;
			};
			name = Release;
		};
		68E05E3624A262C300B6728D /* Debug */ = {
			isa = XCBuildConfiguration;
			buildSettings = {
				ASSETCATALOG_COMPILER_APPICON_NAME = AppIcon;
				ASSETCATALOG_COMPILER_GLOBAL_ACCENT_COLOR_NAME = AccentColor;
				CODE_SIGN_STYLE = Automatic;
				DEVELOPMENT_TEAM = R6BE99W3FU;
				HEADER_SEARCH_PATHS = "$(PROJECT_DIR)/IAPTestingDemo/openssl/include";
				INFOPLIST_FILE = IAPTestingDemo/Info.plist;
				LD_RUNPATH_SEARCH_PATHS = (
					"$(inherited)",
					"@executable_path/Frameworks",
				);
				LIBRARY_SEARCH_PATHS = (
					"$(inherited)",
					"$(PROJECT_DIR)/IAPTestingDemo/openssl/lib",
				);
				PRODUCT_BUNDLE_IDENTIFIER = com.rarcher.IAPTestingDemo;
				PRODUCT_NAME = "$(TARGET_NAME)";
				SWIFT_OBJC_BRIDGING_HEADER = "$(PROJECT_DIR)/IAPTestingDemo/IAP/IAPTestingDemo-Bridging-Header.h";
				SWIFT_VERSION = 5.0;
				TARGETED_DEVICE_FAMILY = "1,2";
			};
			name = Debug;
		};
		68E05E3724A262C300B6728D /* Release */ = {
			isa = XCBuildConfiguration;
			buildSettings = {
				ASSETCATALOG_COMPILER_APPICON_NAME = AppIcon;
				ASSETCATALOG_COMPILER_GLOBAL_ACCENT_COLOR_NAME = AccentColor;
				CODE_SIGN_STYLE = Automatic;
				DEVELOPMENT_TEAM = R6BE99W3FU;
				HEADER_SEARCH_PATHS = "$(PROJECT_DIR)/IAPTestingDemo/openssl/include";
				INFOPLIST_FILE = IAPTestingDemo/Info.plist;
				LD_RUNPATH_SEARCH_PATHS = (
					"$(inherited)",
					"@executable_path/Frameworks",
				);
				LIBRARY_SEARCH_PATHS = (
					"$(inherited)",
					"$(PROJECT_DIR)/IAPTestingDemo/openssl/lib",
				);
				PRODUCT_BUNDLE_IDENTIFIER = com.rarcher.IAPTestingDemo;
				PRODUCT_NAME = "$(TARGET_NAME)";
				SWIFT_OBJC_BRIDGING_HEADER = "$(PROJECT_DIR)/IAPTestingDemo/IAP/IAPTestingDemo-Bridging-Header.h";
				SWIFT_VERSION = 5.0;
				TARGETED_DEVICE_FAMILY = "1,2";
			};
			name = Release;
		};
/* End XCBuildConfiguration section */

/* Begin XCConfigurationList section */
		68E05E0624A262C200B6728D /* Build configuration list for PBXProject "IAPTestingDemo" */ = {
			isa = XCConfigurationList;
			buildConfigurations = (
				68E05E3324A262C300B6728D /* Debug */,
				68E05E3424A262C300B6728D /* Release */,
			);
			defaultConfigurationIsVisible = 0;
			defaultConfigurationName = Release;
		};
		68E05E3524A262C300B6728D /* Build configuration list for PBXNativeTarget "IAPTestingDemo" */ = {
			isa = XCConfigurationList;
			buildConfigurations = (
				68E05E3624A262C300B6728D /* Debug */,
				68E05E3724A262C300B6728D /* Release */,
			);
			defaultConfigurationIsVisible = 0;
			defaultConfigurationName = Release;
		};
/* End XCConfigurationList section */
	};
	rootObject = 68E05E0324A262C200B6728D /* Project object */;
}
